// !$*UTF8*$!
{
	archiveVersion = 1;
	classes = {
	};
	objectVersion = 46;
	objects = {

/* Begin PBXBuildFile section */
		0D8DD7771A7E9C4C0074F31B /* JavaScriptCore.framework in Frameworks */ = {isa = PBXBuildFile; fileRef = 0D8DD7761A7E9C4C0074F31B /* JavaScriptCore.framework */; };
		0DE50F591AC86F85005C15A2 /* CoreImage.framework in Frameworks */ = {isa = PBXBuildFile; fileRef = 0DE50F581AC86F85005C15A2 /* CoreImage.framework */; };
		0DE50F5B1AC87D11005C15A2 /* Chart2D.framework in Frameworks */ = {isa = PBXBuildFile; fileRef = 0DE50F5A1AC87D11005C15A2 /* Chart2D.framework */; };
		0DE50F721AC87D29005C15A2 /* Default-568h@2x.png in Resources */ = {isa = PBXBuildFile; fileRef = 0DE50F5E1AC87D29005C15A2 /* Default-568h@2x.png */; };
		0DE50F731AC87D29005C15A2 /* Default.png in Resources */ = {isa = PBXBuildFile; fileRef = 0DE50F5F1AC87D29005C15A2 /* Default.png */; };
		0DE50F741AC87D29005C15A2 /* Default@2x.png in Resources */ = {isa = PBXBuildFile; fileRef = 0DE50F601AC87D29005C15A2 /* Default@2x.png */; };
		0DE50F751AC87D29005C15A2 /* Graph2DTestApp-Info.plist in Resources */ = {isa = PBXBuildFile; fileRef = 0DE50F611AC87D29005C15A2 /* Graph2DTestApp-Info.plist */; };
		0DE50F761AC87D29005C15A2 /* BarChartSampleView.m in Sources */ = {isa = PBXBuildFile; fileRef = 0DE50F651AC87D29005C15A2 /* BarChartSampleView.m */; };
		0DE50F771AC87D29005C15A2 /* Chart2DSampleApp.m in Sources */ = {isa = PBXBuildFile; fileRef = 0DE50F671AC87D29005C15A2 /* Chart2DSampleApp.m */; };
		0DE50F781AC87D29005C15A2 /* Graph2DVC.m in Sources */ = {isa = PBXBuildFile; fileRef = 0DE50F691AC87D29005C15A2 /* Graph2DVC.m */; };
		0DE50F791AC87D29005C15A2 /* Graph2DVC.xib in Resources */ = {isa = PBXBuildFile; fileRef = 0DE50F6A1AC87D29005C15A2 /* Graph2DVC.xib */; };
		0DE50F7A1AC87D29005C15A2 /* main.m in Sources */ = {isa = PBXBuildFile; fileRef = 0DE50F6B1AC87D29005C15A2 /* main.m */; };
		0DE50F7B1AC87D29005C15A2 /* Sample2DView.m in Sources */ = {isa = PBXBuildFile; fileRef = 0DE50F6D1AC87D29005C15A2 /* Sample2DView.m */; };
		0DE50F7C1AC87D29005C15A2 /* SamplePieChart.m in Sources */ = {isa = PBXBuildFile; fileRef = 0DE50F6F1AC87D29005C15A2 /* SamplePieChart.m */; };
		0DE50F7D1AC87D29005C15A2 /* VolumnView.m in Sources */ = {isa = PBXBuildFile; fileRef = 0DE50F711AC87D29005C15A2 /* VolumnView.m */; };
		0DEDB7761B11312900293DAF /* Graph2DArea.m in Sources */ = {isa = PBXBuildFile; fileRef = 0DEDB7591B11312900293DAF /* Graph2DArea.m */; };
		0DEDB7771B11312900293DAF /* Graph2DAxisStyle.m in Sources */ = {isa = PBXBuildFile; fileRef = 0DEDB75B1B11312900293DAF /* Graph2DAxisStyle.m */; };
		0DEDB7781B11312900293DAF /* Graph2DChartView.m in Sources */ = {isa = PBXBuildFile; fileRef = 0DEDB75D1B11312900293DAF /* Graph2DChartView.m */; };
		0DEDB7791B11312900293DAF /* Graph2DFillStyle.m in Sources */ = {isa = PBXBuildFile; fileRef = 0DEDB7601B11312900293DAF /* Graph2DFillStyle.m */; };
		0DEDB77A1B11312900293DAF /* Graph2DGridStyle.m in Sources */ = {isa = PBXBuildFile; fileRef = 0DEDB7621B11312900293DAF /* Graph2DGridStyle.m */; };
		0DEDB77B1B11312900293DAF /* Graph2DLineStyle.m in Sources */ = {isa = PBXBuildFile; fileRef = 0DEDB7641B11312900293DAF /* Graph2DLineStyle.m */; };
		0DEDB77C1B11312900293DAF /* Graph2DMarkerStyle.m in Sources */ = {isa = PBXBuildFile; fileRef = 0DEDB7661B11312900293DAF /* Graph2DMarkerStyle.m */; };
		0DEDB77D1B11312900293DAF /* Graph2DPieChartView.m in Sources */ = {isa = PBXBuildFile; fileRef = 0DEDB7681B11312900293DAF /* Graph2DPieChartView.m */; };
		0DEDB77E1B11312900293DAF /* Graph2DSeriesStyle.m in Sources */ = {isa = PBXBuildFile; fileRef = 0DEDB76A1B11312900293DAF /* Graph2DSeriesStyle.m */; };
		0DEDB77F1B11312900293DAF /* Graph2DStyle.m in Sources */ = {isa = PBXBuildFile; fileRef = 0DEDB76C1B11312900293DAF /* Graph2DStyle.m */; };
		0DEDB7801B11312900293DAF /* Graph2DTextStyle.m in Sources */ = {isa = PBXBuildFile; fileRef = 0DEDB76E1B11312900293DAF /* Graph2DTextStyle.m */; };
		0DEDB7811B11312900293DAF /* Graph2DTickStyle.m in Sources */ = {isa = PBXBuildFile; fileRef = 0DEDB7701B11312900293DAF /* Graph2DTickStyle.m */; };
		0DEDB7821B11312900293DAF /* Graph2DView.m in Sources */ = {isa = PBXBuildFile; fileRef = 0DEDB7721B11312900293DAF /* Graph2DView.m */; };
		0DEDB7831B11312900293DAF /* Graph2DWidgetView.m in Sources */ = {isa = PBXBuildFile; fileRef = 0DEDB7751B11312900293DAF /* Graph2DWidgetView.m */; };
		0DF9B4BF1656EBB3003072F7 /* UIKit.framework in Frameworks */ = {isa = PBXBuildFile; fileRef = 0DF9B4BE1656EBB3003072F7 /* UIKit.framework */; };
		0DF9B4C11656EBB3003072F7 /* Foundation.framework in Frameworks */ = {isa = PBXBuildFile; fileRef = 0DF9B4C01656EBB3003072F7 /* Foundation.framework */; };
		0DF9B4C31656EBB3003072F7 /* CoreGraphics.framework in Frameworks */ = {isa = PBXBuildFile; fileRef = 0DF9B4C21656EBB3003072F7 /* CoreGraphics.framework */; };
		0DF9B4F91656EC42003072F7 /* QuartzCore.framework in Frameworks */ = {isa = PBXBuildFile; fileRef = 0DF9B4F81656EC42003072F7 /* QuartzCore.framework */; };
		0DF9B4FB1656EC54003072F7 /* OpenGLES.framework in Frameworks */ = {isa = PBXBuildFile; fileRef = 0DF9B4FA1656EC54003072F7 /* OpenGLES.framework */; };
		0DF9B4FD1656EC59003072F7 /* GLKit.framework in Frameworks */ = {isa = PBXBuildFile; fileRef = 0DF9B4FC1656EC59003072F7 /* GLKit.framework */; };
/* End PBXBuildFile section */

/* Begin PBXFileReference section */
		0D8DD7761A7E9C4C0074F31B /* JavaScriptCore.framework */ = {isa = PBXFileReference; lastKnownFileType = wrapper.framework; name = JavaScriptCore.framework; path = System/Library/Frameworks/JavaScriptCore.framework; sourceTree = SDKROOT; };
		0DE50F581AC86F85005C15A2 /* CoreImage.framework */ = {isa = PBXFileReference; lastKnownFileType = wrapper.framework; name = CoreImage.framework; path = System/Library/Frameworks/CoreImage.framework; sourceTree = SDKROOT; };
		0DE50F5A1AC87D11005C15A2 /* Chart2D.framework */ = {isa = PBXFileReference; lastKnownFileType = wrapper.framework; name = Chart2D.framework; path = ../../dependency/Chart2D.framework; sourceTree = "<group>"; };
		0DE50F5E1AC87D29005C15A2 /* Default-568h@2x.png */ = {isa = PBXFileReference; lastKnownFileType = image.png; path = "Default-568h@2x.png"; sourceTree = "<group>"; };
		0DE50F5F1AC87D29005C15A2 /* Default.png */ = {isa = PBXFileReference; lastKnownFileType = image.png; path = Default.png; sourceTree = "<group>"; };
		0DE50F601AC87D29005C15A2 /* Default@2x.png */ = {isa = PBXFileReference; lastKnownFileType = image.png; path = "Default@2x.png"; sourceTree = "<group>"; };
		0DE50F611AC87D29005C15A2 /* Graph2DTestApp-Info.plist */ = {isa = PBXFileReference; fileEncoding = 4; lastKnownFileType = text.plist.xml; path = "Graph2DTestApp-Info.plist"; sourceTree = "<group>"; };
		0DE50F621AC87D29005C15A2 /* Graph2DTestApp-Prefix.pch */ = {isa = PBXFileReference; fileEncoding = 4; lastKnownFileType = sourcecode.c.h; path = "Graph2DTestApp-Prefix.pch"; sourceTree = "<group>"; };
		0DE50F641AC87D29005C15A2 /* BarChartSampleView.h */ = {isa = PBXFileReference; fileEncoding = 4; lastKnownFileType = sourcecode.c.h; path = BarChartSampleView.h; sourceTree = "<group>"; };
		0DE50F651AC87D29005C15A2 /* BarChartSampleView.m */ = {isa = PBXFileReference; fileEncoding = 4; lastKnownFileType = sourcecode.c.objc; path = BarChartSampleView.m; sourceTree = "<group>"; };
		0DE50F661AC87D29005C15A2 /* Chart2DSampleApp.h */ = {isa = PBXFileReference; fileEncoding = 4; lastKnownFileType = sourcecode.c.h; path = Chart2DSampleApp.h; sourceTree = "<group>"; };
		0DE50F671AC87D29005C15A2 /* Chart2DSampleApp.m */ = {isa = PBXFileReference; fileEncoding = 4; lastKnownFileType = sourcecode.c.objc; path = Chart2DSampleApp.m; sourceTree = "<group>"; };
		0DE50F681AC87D29005C15A2 /* Graph2DVC.h */ = {isa = PBXFileReference; fileEncoding = 4; lastKnownFileType = sourcecode.c.h; path = Graph2DVC.h; sourceTree = "<group>"; };
		0DE50F691AC87D29005C15A2 /* Graph2DVC.m */ = {isa = PBXFileReference; fileEncoding = 4; lastKnownFileType = sourcecode.c.objc; path = Graph2DVC.m; sourceTree = "<group>"; };
		0DE50F6A1AC87D29005C15A2 /* Graph2DVC.xib */ = {isa = PBXFileReference; fileEncoding = 4; lastKnownFileType = file.xib; path = Graph2DVC.xib; sourceTree = "<group>"; };
		0DE50F6B1AC87D29005C15A2 /* main.m */ = {isa = PBXFileReference; fileEncoding = 4; lastKnownFileType = sourcecode.c.objc; path = main.m; sourceTree = "<group>"; };
		0DE50F6C1AC87D29005C15A2 /* Sample2DView.h */ = {isa = PBXFileReference; fileEncoding = 4; lastKnownFileType = sourcecode.c.h; path = Sample2DView.h; sourceTree = "<group>"; };
		0DE50F6D1AC87D29005C15A2 /* Sample2DView.m */ = {isa = PBXFileReference; fileEncoding = 4; lastKnownFileType = sourcecode.c.objc; path = Sample2DView.m; sourceTree = "<group>"; };
		0DE50F6E1AC87D29005C15A2 /* SamplePieChart.h */ = {isa = PBXFileReference; fileEncoding = 4; lastKnownFileType = sourcecode.c.h; path = SamplePieChart.h; sourceTree = "<group>"; };
		0DE50F6F1AC87D29005C15A2 /* SamplePieChart.m */ = {isa = PBXFileReference; fileEncoding = 4; lastKnownFileType = sourcecode.c.objc; path = SamplePieChart.m; sourceTree = "<group>"; };
		0DE50F701AC87D29005C15A2 /* VolumnView.h */ = {isa = PBXFileReference; fileEncoding = 4; lastKnownFileType = sourcecode.c.h; path = VolumnView.h; sourceTree = "<group>"; };
		0DE50F711AC87D29005C15A2 /* VolumnView.m */ = {isa = PBXFileReference; fileEncoding = 4; lastKnownFileType = sourcecode.c.objc; path = VolumnView.m; sourceTree = "<group>"; };
		0DEDB7571B11312900293DAF /* Chart2D.h */ = {isa = PBXFileReference; fileEncoding = 4; lastKnownFileType = sourcecode.c.h; path = Chart2D.h; sourceTree = "<group>"; };
		0DEDB7581B11312900293DAF /* Graph2DArea.h */ = {isa = PBXFileReference; fileEncoding = 4; lastKnownFileType = sourcecode.c.h; path = Graph2DArea.h; sourceTree = "<group>"; };
		0DEDB7591B11312900293DAF /* Graph2DArea.m */ = {isa = PBXFileReference; fileEncoding = 4; lastKnownFileType = sourcecode.c.objc; path = Graph2DArea.m; sourceTree = "<group>"; };
		0DEDB75A1B11312900293DAF /* Graph2DAxisStyle.h */ = {isa = PBXFileReference; fileEncoding = 4; lastKnownFileType = sourcecode.c.h; path = Graph2DAxisStyle.h; sourceTree = "<group>"; };
		0DEDB75B1B11312900293DAF /* Graph2DAxisStyle.m */ = {isa = PBXFileReference; fileEncoding = 4; lastKnownFileType = sourcecode.c.objc; path = Graph2DAxisStyle.m; sourceTree = "<group>"; };
		0DEDB75C1B11312900293DAF /* Graph2DChartView.h */ = {isa = PBXFileReference; fileEncoding = 4; lastKnownFileType = sourcecode.c.h; path = Graph2DChartView.h; sourceTree = "<group>"; };
		0DEDB75D1B11312900293DAF /* Graph2DChartView.m */ = {isa = PBXFileReference; fileEncoding = 4; lastKnownFileType = sourcecode.c.objc; path = Graph2DChartView.m; sourceTree = "<group>"; };
		0DEDB75E1B11312900293DAF /* Graph2DDataSource.h */ = {isa = PBXFileReference; fileEncoding = 4; lastKnownFileType = sourcecode.c.h; path = Graph2DDataSource.h; sourceTree = "<group>"; };
		0DEDB75F1B11312900293DAF /* Graph2DFillStyle.h */ = {isa = PBXFileReference; fileEncoding = 4; lastKnownFileType = sourcecode.c.h; path = Graph2DFillStyle.h; sourceTree = "<group>"; };
		0DEDB7601B11312900293DAF /* Graph2DFillStyle.m */ = {isa = PBXFileReference; fileEncoding = 4; lastKnownFileType = sourcecode.c.objc; path = Graph2DFillStyle.m; sourceTree = "<group>"; };
		0DEDB7611B11312900293DAF /* Graph2DGridStyle.h */ = {isa = PBXFileReference; fileEncoding = 4; lastKnownFileType = sourcecode.c.h; path = Graph2DGridStyle.h; sourceTree = "<group>"; };
		0DEDB7621B11312900293DAF /* Graph2DGridStyle.m */ = {isa = PBXFileReference; fileEncoding = 4; lastKnownFileType = sourcecode.c.objc; path = Graph2DGridStyle.m; sourceTree = "<group>"; };
		0DEDB7631B11312900293DAF /* Graph2DLineStyle.h */ = {isa = PBXFileReference; fileEncoding = 4; lastKnownFileType = sourcecode.c.h; path = Graph2DLineStyle.h; sourceTree = "<group>"; };
		0DEDB7641B11312900293DAF /* Graph2DLineStyle.m */ = {isa = PBXFileReference; fileEncoding = 4; lastKnownFileType = sourcecode.c.objc; path = Graph2DLineStyle.m; sourceTree = "<group>"; };
		0DEDB7651B11312900293DAF /* Graph2DMarkerStyle.h */ = {isa = PBXFileReference; fileEncoding = 4; lastKnownFileType = sourcecode.c.h; path = Graph2DMarkerStyle.h; sourceTree = "<group>"; };
		0DEDB7661B11312900293DAF /* Graph2DMarkerStyle.m */ = {isa = PBXFileReference; fileEncoding = 4; lastKnownFileType = sourcecode.c.objc; path = Graph2DMarkerStyle.m; sourceTree = "<group>"; };
		0DEDB7671B11312900293DAF /* Graph2DPieChartView.h */ = {isa = PBXFileReference; fileEncoding = 4; lastKnownFileType = sourcecode.c.h; path = Graph2DPieChartView.h; sourceTree = "<group>"; };
		0DEDB7681B11312900293DAF /* Graph2DPieChartView.m */ = {isa = PBXFileReference; fileEncoding = 4; lastKnownFileType = sourcecode.c.objc; path = Graph2DPieChartView.m; sourceTree = "<group>"; };
		0DEDB7691B11312900293DAF /* Graph2DSeriesStyle.h */ = {isa = PBXFileReference; fileEncoding = 4; lastKnownFileType = sourcecode.c.h; path = Graph2DSeriesStyle.h; sourceTree = "<group>"; };
		0DEDB76A1B11312900293DAF /* Graph2DSeriesStyle.m */ = {isa = PBXFileReference; fileEncoding = 4; lastKnownFileType = sourcecode.c.objc; path = Graph2DSeriesStyle.m; sourceTree = "<group>"; };
		0DEDB76B1B11312900293DAF /* Graph2DStyle.h */ = {isa = PBXFileReference; fileEncoding = 4; lastKnownFileType = sourcecode.c.h; path = Graph2DStyle.h; sourceTree = "<group>"; };
		0DEDB76C1B11312900293DAF /* Graph2DStyle.m */ = {isa = PBXFileReference; fileEncoding = 4; lastKnownFileType = sourcecode.c.objc; path = Graph2DStyle.m; sourceTree = "<group>"; };
		0DEDB76D1B11312900293DAF /* Graph2DTextStyle.h */ = {isa = PBXFileReference; fileEncoding = 4; lastKnownFileType = sourcecode.c.h; path = Graph2DTextStyle.h; sourceTree = "<group>"; };
		0DEDB76E1B11312900293DAF /* Graph2DTextStyle.m */ = {isa = PBXFileReference; fileEncoding = 4; lastKnownFileType = sourcecode.c.objc; path = Graph2DTextStyle.m; sourceTree = "<group>"; };
		0DEDB76F1B11312900293DAF /* Graph2DTickStyle.h */ = {isa = PBXFileReference; fileEncoding = 4; lastKnownFileType = sourcecode.c.h; path = Graph2DTickStyle.h; sourceTree = "<group>"; };
		0DEDB7701B11312900293DAF /* Graph2DTickStyle.m */ = {isa = PBXFileReference; fileEncoding = 4; lastKnownFileType = sourcecode.c.objc; path = Graph2DTickStyle.m; sourceTree = "<group>"; };
		0DEDB7711B11312900293DAF /* Graph2DView.h */ = {isa = PBXFileReference; fileEncoding = 4; lastKnownFileType = sourcecode.c.h; path = Graph2DView.h; sourceTree = "<group>"; };
		0DEDB7721B11312900293DAF /* Graph2DView.m */ = {isa = PBXFileReference; fileEncoding = 4; lastKnownFileType = sourcecode.c.objc; path = Graph2DView.m; sourceTree = "<group>"; };
		0DEDB7731B11312900293DAF /* Graph2DViewDelegate.h */ = {isa = PBXFileReference; fileEncoding = 4; lastKnownFileType = sourcecode.c.h; path = Graph2DViewDelegate.h; sourceTree = "<group>"; };
		0DEDB7741B11312900293DAF /* Graph2DWidgetView.h */ = {isa = PBXFileReference; fileEncoding = 4; lastKnownFileType = sourcecode.c.h; path = Graph2DWidgetView.h; sourceTree = "<group>"; };
		0DEDB7751B11312900293DAF /* Graph2DWidgetView.m */ = {isa = PBXFileReference; fileEncoding = 4; lastKnownFileType = sourcecode.c.objc; path = Graph2DWidgetView.m; sourceTree = "<group>"; };
		0DF9B4BA1656EBB3003072F7 /* Graph2DTestApp.app */ = {isa = PBXFileReference; explicitFileType = wrapper.application; includeInIndex = 0; path = Graph2DTestApp.app; sourceTree = BUILT_PRODUCTS_DIR; };
		0DF9B4BE1656EBB3003072F7 /* UIKit.framework */ = {isa = PBXFileReference; lastKnownFileType = wrapper.framework; name = UIKit.framework; path = System/Library/Frameworks/UIKit.framework; sourceTree = SDKROOT; };
		0DF9B4C01656EBB3003072F7 /* Foundation.framework */ = {isa = PBXFileReference; lastKnownFileType = wrapper.framework; name = Foundation.framework; path = System/Library/Frameworks/Foundation.framework; sourceTree = SDKROOT; };
		0DF9B4C21656EBB3003072F7 /* CoreGraphics.framework */ = {isa = PBXFileReference; lastKnownFileType = wrapper.framework; name = CoreGraphics.framework; path = System/Library/Frameworks/CoreGraphics.framework; sourceTree = SDKROOT; };
		0DF9B4F81656EC42003072F7 /* QuartzCore.framework */ = {isa = PBXFileReference; lastKnownFileType = wrapper.framework; name = QuartzCore.framework; path = System/Library/Frameworks/QuartzCore.framework; sourceTree = SDKROOT; };
		0DF9B4FA1656EC54003072F7 /* OpenGLES.framework */ = {isa = PBXFileReference; lastKnownFileType = wrapper.framework; name = OpenGLES.framework; path = System/Library/Frameworks/OpenGLES.framework; sourceTree = SDKROOT; };
		0DF9B4FC1656EC59003072F7 /* GLKit.framework */ = {isa = PBXFileReference; lastKnownFileType = wrapper.framework; name = GLKit.framework; path = System/Library/Frameworks/GLKit.framework; sourceTree = SDKROOT; };
/* End PBXFileReference section */

/* Begin PBXFrameworksBuildPhase section */
		0DF9B4B71656EBB3003072F7 /* Frameworks */ = {
			isa = PBXFrameworksBuildPhase;
			buildActionMask = 2147483647;
			files = (
				0DE50F5B1AC87D11005C15A2 /* Chart2D.framework in Frameworks */,
				0DE50F591AC86F85005C15A2 /* CoreImage.framework in Frameworks */,
				0D8DD7771A7E9C4C0074F31B /* JavaScriptCore.framework in Frameworks */,
				0DF9B4BF1656EBB3003072F7 /* UIKit.framework in Frameworks */,
				0DF9B4C11656EBB3003072F7 /* Foundation.framework in Frameworks */,
				0DF9B4C31656EBB3003072F7 /* CoreGraphics.framework in Frameworks */,
				0DF9B4F91656EC42003072F7 /* QuartzCore.framework in Frameworks */,
				0DF9B4FB1656EC54003072F7 /* OpenGLES.framework in Frameworks */,
				0DF9B4FD1656EC59003072F7 /* GLKit.framework in Frameworks */,
			);
			runOnlyForDeploymentPostprocessing = 0;
		};
/* End PBXFrameworksBuildPhase section */

/* Begin PBXGroup section */
		0DE50F5C1AC87D29005C15A2 /* sample */ = {
			isa = PBXGroup;
			children = (
				0DE50F5D1AC87D29005C15A2 /* resources */,
				0DE50F631AC87D29005C15A2 /* src */,
			);
			path = sample;
			sourceTree = "<group>";
		};
		0DE50F5D1AC87D29005C15A2 /* resources */ = {
			isa = PBXGroup;
			children = (
				0DE50F5E1AC87D29005C15A2 /* Default-568h@2x.png */,
				0DE50F5F1AC87D29005C15A2 /* Default.png */,
				0DE50F601AC87D29005C15A2 /* Default@2x.png */,
				0DE50F611AC87D29005C15A2 /* Graph2DTestApp-Info.plist */,
				0DE50F621AC87D29005C15A2 /* Graph2DTestApp-Prefix.pch */,
			);
			path = resources;
			sourceTree = "<group>";
		};
		0DE50F631AC87D29005C15A2 /* src */ = {
			isa = PBXGroup;
			children = (
				0DE50F641AC87D29005C15A2 /* BarChartSampleView.h */,
				0DE50F651AC87D29005C15A2 /* BarChartSampleView.m */,
				0DE50F661AC87D29005C15A2 /* Chart2DSampleApp.h */,
				0DE50F671AC87D29005C15A2 /* Chart2DSampleApp.m */,
				0DE50F681AC87D29005C15A2 /* Graph2DVC.h */,
				0DE50F691AC87D29005C15A2 /* Graph2DVC.m */,
				0DE50F6A1AC87D29005C15A2 /* Graph2DVC.xib */,
				0DE50F6B1AC87D29005C15A2 /* main.m */,
				0DE50F6C1AC87D29005C15A2 /* Sample2DView.h */,
				0DE50F6D1AC87D29005C15A2 /* Sample2DView.m */,
				0DE50F6E1AC87D29005C15A2 /* SamplePieChart.h */,
				0DE50F6F1AC87D29005C15A2 /* SamplePieChart.m */,
				0DE50F701AC87D29005C15A2 /* VolumnView.h */,
				0DE50F711AC87D29005C15A2 /* VolumnView.m */,
			);
			path = src;
			sourceTree = "<group>";
		};
		0DEDB7561B11312900293DAF /* src */ = {
			isa = PBXGroup;
			children = (
				0DEDB7571B11312900293DAF /* Chart2D.h */,
				0DEDB7581B11312900293DAF /* Graph2DArea.h */,
				0DEDB7591B11312900293DAF /* Graph2DArea.m */,
				0DEDB75A1B11312900293DAF /* Graph2DAxisStyle.h */,
				0DEDB75B1B11312900293DAF /* Graph2DAxisStyle.m */,
				0DEDB75C1B11312900293DAF /* Graph2DChartView.h */,
				0DEDB75D1B11312900293DAF /* Graph2DChartView.m */,
				0DEDB75E1B11312900293DAF /* Graph2DDataSource.h */,
				0DEDB75F1B11312900293DAF /* Graph2DFillStyle.h */,
				0DEDB7601B11312900293DAF /* Graph2DFillStyle.m */,
				0DEDB7611B11312900293DAF /* Graph2DGridStyle.h */,
				0DEDB7621B11312900293DAF /* Graph2DGridStyle.m */,
				0DEDB7631B11312900293DAF /* Graph2DLineStyle.h */,
				0DEDB7641B11312900293DAF /* Graph2DLineStyle.m */,
				0DEDB7651B11312900293DAF /* Graph2DMarkerStyle.h */,
				0DEDB7661B11312900293DAF /* Graph2DMarkerStyle.m */,
				0DEDB7671B11312900293DAF /* Graph2DPieChartView.h */,
				0DEDB7681B11312900293DAF /* Graph2DPieChartView.m */,
				0DEDB7691B11312900293DAF /* Graph2DSeriesStyle.h */,
				0DEDB76A1B11312900293DAF /* Graph2DSeriesStyle.m */,
				0DEDB76B1B11312900293DAF /* Graph2DStyle.h */,
				0DEDB76C1B11312900293DAF /* Graph2DStyle.m */,
				0DEDB76D1B11312900293DAF /* Graph2DTextStyle.h */,
				0DEDB76E1B11312900293DAF /* Graph2DTextStyle.m */,
				0DEDB76F1B11312900293DAF /* Graph2DTickStyle.h */,
				0DEDB7701B11312900293DAF /* Graph2DTickStyle.m */,
				0DEDB7711B11312900293DAF /* Graph2DView.h */,
				0DEDB7721B11312900293DAF /* Graph2DView.m */,
				0DEDB7731B11312900293DAF /* Graph2DViewDelegate.h */,
				0DEDB7741B11312900293DAF /* Graph2DWidgetView.h */,
				0DEDB7751B11312900293DAF /* Graph2DWidgetView.m */,
			);
			name = src;
			path = "../framework/framework-src/src";
			sourceTree = "<group>";
		};
		0DF9B4AF1656EBB3003072F7 = {
			isa = PBXGroup;
			children = (
				0DEDB7561B11312900293DAF /* src */,
				0DE50F5C1AC87D29005C15A2 /* sample */,
				0DF9B4BD1656EBB3003072F7 /* Frameworks */,
				0DF9B4BB1656EBB3003072F7 /* Products */,
			);
			sourceTree = "<group>";
		};
		0DF9B4BB1656EBB3003072F7 /* Products */ = {
			isa = PBXGroup;
			children = (
				0DF9B4BA1656EBB3003072F7 /* Graph2DTestApp.app */,
			);
			name = Products;
			sourceTree = "<group>";
		};
		0DF9B4BD1656EBB3003072F7 /* Frameworks */ = {
			isa = PBXGroup;
			children = (
				0DE50F5A1AC87D11005C15A2 /* Chart2D.framework */,
				0DE50F581AC86F85005C15A2 /* CoreImage.framework */,
				0D8DD7761A7E9C4C0074F31B /* JavaScriptCore.framework */,
				0DF9B4FC1656EC59003072F7 /* GLKit.framework */,
				0DF9B4FA1656EC54003072F7 /* OpenGLES.framework */,
				0DF9B4F81656EC42003072F7 /* QuartzCore.framework */,
				0DF9B4BE1656EBB3003072F7 /* UIKit.framework */,
				0DF9B4C01656EBB3003072F7 /* Foundation.framework */,
				0DF9B4C21656EBB3003072F7 /* CoreGraphics.framework */,
			);
			name = Frameworks;
			sourceTree = "<group>";
		};
/* End PBXGroup section */

/* Begin PBXNativeTarget section */
		0DF9B4B91656EBB3003072F7 /* Graph2DTestApp */ = {
			isa = PBXNativeTarget;
			buildConfigurationList = 0DF9B4DE1656EBB3003072F7 /* Build configuration list for PBXNativeTarget "Graph2DTestApp" */;
			buildPhases = (
				0DF9B4B61656EBB3003072F7 /* Sources */,
				0DF9B4B71656EBB3003072F7 /* Frameworks */,
				0DF9B4B81656EBB3003072F7 /* Resources */,
			);
			buildRules = (
			);
			dependencies = (
			);
			name = Graph2DTestApp;
			productName = Graph2DTestApp;
			productReference = 0DF9B4BA1656EBB3003072F7 /* Graph2DTestApp.app */;
			productType = "com.apple.product-type.application";
		};
/* End PBXNativeTarget section */

/* Begin PBXProject section */
		0DF9B4B11656EBB3003072F7 /* Project object */ = {
			isa = PBXProject;
			attributes = {
				CLASSPREFIX = CoreCrm;
				LastUpgradeCheck = 0610;
				ORGANIZATIONNAME = Oracle;
			};
			buildConfigurationList = 0DF9B4B41656EBB3003072F7 /* Build configuration list for PBXProject "Graph2DTestApp" */;
			compatibilityVersion = "Xcode 3.2";
			developmentRegion = English;
			hasScannedForEncodings = 0;
			knownRegions = (
				en,
			);
			mainGroup = 0DF9B4AF1656EBB3003072F7;
			productRefGroup = 0DF9B4BB1656EBB3003072F7 /* Products */;
			projectDirPath = "";
			projectRoot = "";
			targets = (
				0DF9B4B91656EBB3003072F7 /* Graph2DTestApp */,
			);
		};
/* End PBXProject section */

/* Begin PBXResourcesBuildPhase section */
		0DF9B4B81656EBB3003072F7 /* Resources */ = {
			isa = PBXResourcesBuildPhase;
			buildActionMask = 2147483647;
			files = (
				0DE50F741AC87D29005C15A2 /* Default@2x.png in Resources */,
				0DE50F751AC87D29005C15A2 /* Graph2DTestApp-Info.plist in Resources */,
				0DE50F721AC87D29005C15A2 /* Default-568h@2x.png in Resources */,
				0DE50F791AC87D29005C15A2 /* Graph2DVC.xib in Resources */,
				0DE50F731AC87D29005C15A2 /* Default.png in Resources */,
			);
			runOnlyForDeploymentPostprocessing = 0;
		};
/* End PBXResourcesBuildPhase section */

/* Begin PBXSourcesBuildPhase section */
		0DF9B4B61656EBB3003072F7 /* Sources */ = {
			isa = PBXSourcesBuildPhase;
			buildActionMask = 2147483647;
			files = (
				0DEDB77A1B11312900293DAF /* Graph2DGridStyle.m in Sources */,
				0DE50F781AC87D29005C15A2 /* Graph2DVC.m in Sources */,
				0DEDB77F1B11312900293DAF /* Graph2DStyle.m in Sources */,
				0DEDB7761B11312900293DAF /* Graph2DArea.m in Sources */,
				0DEDB7811B11312900293DAF /* Graph2DTickStyle.m in Sources */,
				0DEDB77E1B11312900293DAF /* Graph2DSeriesStyle.m in Sources */,
				0DEDB7781B11312900293DAF /* Graph2DChartView.m in Sources */,
				0DEDB77C1B11312900293DAF /* Graph2DMarkerStyle.m in Sources */,
				0DEDB77D1B11312900293DAF /* Graph2DPieChartView.m in Sources */,
				0DE50F771AC87D29005C15A2 /* Chart2DSampleApp.m in Sources */,
				0DE50F7A1AC87D29005C15A2 /* main.m in Sources */,
				0DE50F7C1AC87D29005C15A2 /* SamplePieChart.m in Sources */,
				0DEDB7771B11312900293DAF /* Graph2DAxisStyle.m in Sources */,
				0DE50F7B1AC87D29005C15A2 /* Sample2DView.m in Sources */,
				0DE50F7D1AC87D29005C15A2 /* VolumnView.m in Sources */,
				0DE50F761AC87D29005C15A2 /* BarChartSampleView.m in Sources */,
				0DEDB77B1B11312900293DAF /* Graph2DLineStyle.m in Sources */,
				0DEDB7791B11312900293DAF /* Graph2DFillStyle.m in Sources */,
				0DEDB7801B11312900293DAF /* Graph2DTextStyle.m in Sources */,
				0DEDB7821B11312900293DAF /* Graph2DView.m in Sources */,
				0DEDB7831B11312900293DAF /* Graph2DWidgetView.m in Sources */,
			);
			runOnlyForDeploymentPostprocessing = 0;
		};
/* End PBXSourcesBuildPhase section */

/* Begin XCBuildConfiguration section */
		0DF9B4DC1656EBB3003072F7 /* Debug */ = {
			isa = XCBuildConfiguration;
			buildSettings = {
				ALWAYS_SEARCH_USER_PATHS = NO;
				CLANG_CXX_LANGUAGE_STANDARD = "compiler-default";
				CLANG_CXX_LIBRARY = "compiler-default";
				CLANG_WARN_BOOL_CONVERSION = YES;
				CLANG_WARN_CONSTANT_CONVERSION = YES;
				CLANG_WARN_EMPTY_BODY = YES;
				CLANG_WARN_ENUM_CONVERSION = YES;
				CLANG_WARN_INT_CONVERSION = YES;
				CLANG_WARN_UNREACHABLE_CODE = YES;
				CLANG_WARN__DUPLICATE_METHOD_MATCH = YES;
				"CODE_SIGN_IDENTITY[sdk=iphoneos*]" = "iPhone Developer";
				COPY_PHASE_STRIP = NO;
				ENABLE_STRICT_OBJC_MSGSEND = YES;
				GCC_C_LANGUAGE_STANDARD = gnu99;
				GCC_DYNAMIC_NO_PIC = NO;
				GCC_OPTIMIZATION_LEVEL = 0;
				GCC_PREPROCESSOR_DEFINITIONS = (
					"DEBUG=1",
					"$(inherited)",
				);
				GCC_SYMBOLS_PRIVATE_EXTERN = NO;
				GCC_VERSION = "";
				GCC_WARN_64_TO_32_BIT_CONVERSION = YES;
				GCC_WARN_ABOUT_RETURN_TYPE = YES;
				GCC_WARN_UNDECLARED_SELECTOR = YES;
				GCC_WARN_UNINITIALIZED_AUTOS = YES;
				GCC_WARN_UNUSED_FUNCTION = YES;
				GCC_WARN_UNUSED_VARIABLE = YES;
				IPHONEOS_DEPLOYMENT_TARGET = 8.2;
				ONLY_ACTIVE_ARCH = YES;
				SDKROOT = iphoneos;
				TARGETED_DEVICE_FAMILY = 2;
				VALID_ARCHS = "armv7 armv7s arm64";
			};
			name = Debug;
		};
		0DF9B4DD1656EBB3003072F7 /* Release */ = {
			isa = XCBuildConfiguration;
			buildSettings = {
				ALWAYS_SEARCH_USER_PATHS = NO;
				CLANG_CXX_LANGUAGE_STANDARD = "compiler-default";
				CLANG_CXX_LIBRARY = "compiler-default";
				CLANG_WARN_BOOL_CONVERSION = YES;
				CLANG_WARN_CONSTANT_CONVERSION = YES;
				CLANG_WARN_EMPTY_BODY = YES;
				CLANG_WARN_ENUM_CONVERSION = YES;
				CLANG_WARN_INT_CONVERSION = YES;
				CLANG_WARN_UNREACHABLE_CODE = YES;
				CLANG_WARN__DUPLICATE_METHOD_MATCH = YES;
				"CODE_SIGN_IDENTITY[sdk=iphoneos*]" = "iPhone Developer";
				COPY_PHASE_STRIP = YES;
				ENABLE_STRICT_OBJC_MSGSEND = YES;
				GCC_C_LANGUAGE_STANDARD = gnu99;
				GCC_VERSION = "";
				GCC_WARN_64_TO_32_BIT_CONVERSION = YES;
				GCC_WARN_ABOUT_RETURN_TYPE = YES;
				GCC_WARN_UNDECLARED_SELECTOR = YES;
				GCC_WARN_UNINITIALIZED_AUTOS = YES;
				GCC_WARN_UNUSED_FUNCTION = YES;
				GCC_WARN_UNUSED_VARIABLE = YES;
				IPHONEOS_DEPLOYMENT_TARGET = 8.2;
				ONLY_ACTIVE_ARCH = YES;
				OTHER_CFLAGS = "-DNS_BLOCK_ASSERTIONS=1";
				SDKROOT = iphoneos;
				TARGETED_DEVICE_FAMILY = 2;
				VALIDATE_PRODUCT = YES;
				VALID_ARCHS = "armv7 armv7s arm64";
			};
			name = Release;
		};
		0DF9B4DF1656EBB3003072F7 /* Debug */ = {
			isa = XCBuildConfiguration;
			buildSettings = {
				CLANG_CXX_LANGUAGE_STANDARD = "compiler-default";
				CLANG_CXX_LIBRARY = "compiler-default";
				CLANG_ENABLE_OBJC_ARC = YES;
				FRAMEWORK_SEARCH_PATHS = (
					"$(inherited)",
					"$(USER_LIBRARY_DIR)/Mobile",
					"$(PROJECT_DIR)/../dependency",
					/Users/anpwang/Documents/github/dependency,
				);
				GCC_PRECOMPILE_PREFIX_HEADER = YES;
				GCC_PREFIX_HEADER = "$(SRCROOT)/sample/resources/Graph2DTestApp-Prefix.pch";
				INFOPLIST_FILE = "$(SRCROOT)/sample/resources/Graph2DTestApp-Info.plist";
				IPHONEOS_DEPLOYMENT_TARGET = 8.2;
				LIBRARY_SEARCH_PATHS = (
					"$(inherited)",
					"\"$(SRCROOT)/dependencies/lib\"",
				);
				ONLY_ACTIVE_ARCH = NO;
				PRODUCT_NAME = "$(TARGET_NAME)";
				TARGETED_DEVICE_FAMILY = "1,2";
				WRAPPER_EXTENSION = app;
			};
			name = Debug;
		};
		0DF9B4E01656EBB3003072F7 /* Release */ = {
			isa = XCBuildConfiguration;
			buildSettings = {
				CLANG_CXX_LANGUAGE_STANDARD = "compiler-default";
				CLANG_CXX_LIBRARY = "compiler-default";
				CLANG_ENABLE_OBJC_ARC = YES;
				FRAMEWORK_SEARCH_PATHS = (
					"$(inherited)",
					"$(USER_LIBRARY_DIR)/Mobile",
					"$(PROJECT_DIR)/../dependency",
					/Users/anpwang/Documents/github/dependency,
				);
				GCC_PRECOMPILE_PREFIX_HEADER = YES;
				GCC_PREFIX_HEADER = "$(SRCROOT)/sample/resources/Graph2DTestApp-Prefix.pch";
				INFOPLIST_FILE = "$(SRCROOT)/sample/resources/Graph2DTestApp-Info.plist";
				IPHONEOS_DEPLOYMENT_TARGET = 8.2;
				LIBRARY_SEARCH_PATHS = (
					"$(inherited)",
					"\"$(SRCROOT)/dependencies/lib\"",
				);
				ONLY_ACTIVE_ARCH = NO;
				PRODUCT_NAME = "$(TARGET_NAME)";
				TARGETED_DEVICE_FAMILY = "1,2";
				WRAPPER_EXTENSION = app;
			};
			name = Release;
		};
/* End XCBuildConfiguration section */

/* Begin XCConfigurationList section */
		0DF9B4B41656EBB3003072F7 /* Build configuration list for PBXProject "Graph2DTestApp" */ = {
			isa = XCConfigurationList;
			buildConfigurations = (
				0DF9B4DC1656EBB3003072F7 /* Debug */,
				0DF9B4DD1656EBB3003072F7 /* Release */,
			);
			defaultConfigurationIsVisible = 0;
			defaultConfigurationName = Release;
		};
		0DF9B4DE1656EBB3003072F7 /* Build configuration list for PBXNativeTarget "Graph2DTestApp" */ = {
			isa = XCConfigurationList;
			buildConfigurations = (
				0DF9B4DF1656EBB3003072F7 /* Debug */,
				0DF9B4E01656EBB3003072F7 /* Release */,
			);
			defaultConfigurationIsVisible = 0;
			defaultConfigurationName = Release;
		};
/* End XCConfigurationList section */
	};
	rootObject = 0DF9B4B11656EBB3003072F7 /* Project object */;
}
