// !$*UTF8*$!
{
	archiveVersion = 1;
	classes = {
	};
	objectVersion = 46;
	objects = {

/* Begin PBXBuildFile section */
		0D8DD7771A7E9C4C0074F31B /* JavaScriptCore.framework in Frameworks */ = {isa = PBXBuildFile; fileRef = 0D8DD7761A7E9C4C0074F31B /* JavaScriptCore.framework */; };
		0DCFF0EB1A7EAAC9008F4B61 /* Default-568h@2x.png in Resources */ = {isa = PBXBuildFile; fileRef = 0DCFF0D71A7EAAC9008F4B61 /* Default-568h@2x.png */; };
		0DCFF0EC1A7EAAC9008F4B61 /* Default.png in Resources */ = {isa = PBXBuildFile; fileRef = 0DCFF0D81A7EAAC9008F4B61 /* Default.png */; };
		0DCFF0ED1A7EAAC9008F4B61 /* Default@2x.png in Resources */ = {isa = PBXBuildFile; fileRef = 0DCFF0D91A7EAAC9008F4B61 /* Default@2x.png */; };
		0DCFF0EE1A7EAAC9008F4B61 /* Graph2DTestApp-Info.plist in Resources */ = {isa = PBXBuildFile; fileRef = 0DCFF0DA1A7EAAC9008F4B61 /* Graph2DTestApp-Info.plist */; };
		0DCFF0EF1A7EAAC9008F4B61 /* BarChartSampleView.m in Sources */ = {isa = PBXBuildFile; fileRef = 0DCFF0DE1A7EAAC9008F4B61 /* BarChartSampleView.m */; };
		0DCFF0F01A7EAAC9008F4B61 /* Chart2DSampleApp.m in Sources */ = {isa = PBXBuildFile; fileRef = 0DCFF0E01A7EAAC9008F4B61 /* Chart2DSampleApp.m */; };
		0DCFF0F11A7EAAC9008F4B61 /* Graph2DVC.m in Sources */ = {isa = PBXBuildFile; fileRef = 0DCFF0E21A7EAAC9008F4B61 /* Graph2DVC.m */; };
		0DCFF0F21A7EAAC9008F4B61 /* Graph2DVC.xib in Resources */ = {isa = PBXBuildFile; fileRef = 0DCFF0E31A7EAAC9008F4B61 /* Graph2DVC.xib */; };
		0DCFF0F31A7EAAC9008F4B61 /* main.m in Sources */ = {isa = PBXBuildFile; fileRef = 0DCFF0E41A7EAAC9008F4B61 /* main.m */; };
		0DCFF0F41A7EAAC9008F4B61 /* Sample2DView.m in Sources */ = {isa = PBXBuildFile; fileRef = 0DCFF0E61A7EAAC9008F4B61 /* Sample2DView.m */; };
		0DCFF0F51A7EAAC9008F4B61 /* SamplePieChart.m in Sources */ = {isa = PBXBuildFile; fileRef = 0DCFF0E81A7EAAC9008F4B61 /* SamplePieChart.m */; };
		0DCFF0F61A7EAAC9008F4B61 /* VolumnView.m in Sources */ = {isa = PBXBuildFile; fileRef = 0DCFF0EA1A7EAAC9008F4B61 /* VolumnView.m */; };
		0DCFF0F81A7EAAE3008F4B61 /* Chart2D.framework in Frameworks */ = {isa = PBXBuildFile; fileRef = 0DCFF0F71A7EAAE3008F4B61 /* Chart2D.framework */; };
		0DF9B4BF1656EBB3003072F7 /* UIKit.framework in Frameworks */ = {isa = PBXBuildFile; fileRef = 0DF9B4BE1656EBB3003072F7 /* UIKit.framework */; };
		0DF9B4C11656EBB3003072F7 /* Foundation.framework in Frameworks */ = {isa = PBXBuildFile; fileRef = 0DF9B4C01656EBB3003072F7 /* Foundation.framework */; };
		0DF9B4C31656EBB3003072F7 /* CoreGraphics.framework in Frameworks */ = {isa = PBXBuildFile; fileRef = 0DF9B4C21656EBB3003072F7 /* CoreGraphics.framework */; };
		0DF9B4F91656EC42003072F7 /* QuartzCore.framework in Frameworks */ = {isa = PBXBuildFile; fileRef = 0DF9B4F81656EC42003072F7 /* QuartzCore.framework */; };
		0DF9B4FB1656EC54003072F7 /* OpenGLES.framework in Frameworks */ = {isa = PBXBuildFile; fileRef = 0DF9B4FA1656EC54003072F7 /* OpenGLES.framework */; };
		0DF9B4FD1656EC59003072F7 /* GLKit.framework in Frameworks */ = {isa = PBXBuildFile; fileRef = 0DF9B4FC1656EC59003072F7 /* GLKit.framework */; };
/* End PBXBuildFile section */

/* Begin PBXFileReference section */
		0D8DD7761A7E9C4C0074F31B /* JavaScriptCore.framework */ = {isa = PBXFileReference; lastKnownFileType = wrapper.framework; name = JavaScriptCore.framework; path = System/Library/Frameworks/JavaScriptCore.framework; sourceTree = SDKROOT; };
		0DCFF0D71A7EAAC9008F4B61 /* Default-568h@2x.png */ = {isa = PBXFileReference; lastKnownFileType = image.png; path = "Default-568h@2x.png"; sourceTree = "<group>"; };
		0DCFF0D81A7EAAC9008F4B61 /* Default.png */ = {isa = PBXFileReference; lastKnownFileType = image.png; path = Default.png; sourceTree = "<group>"; };
		0DCFF0D91A7EAAC9008F4B61 /* Default@2x.png */ = {isa = PBXFileReference; lastKnownFileType = image.png; path = "Default@2x.png"; sourceTree = "<group>"; };
		0DCFF0DA1A7EAAC9008F4B61 /* Graph2DTestApp-Info.plist */ = {isa = PBXFileReference; fileEncoding = 4; lastKnownFileType = text.plist.xml; path = "Graph2DTestApp-Info.plist"; sourceTree = "<group>"; };
		0DCFF0DB1A7EAAC9008F4B61 /* Graph2DTestApp-Prefix.pch */ = {isa = PBXFileReference; fileEncoding = 4; lastKnownFileType = sourcecode.c.h; path = "Graph2DTestApp-Prefix.pch"; sourceTree = "<group>"; };
		0DCFF0DD1A7EAAC9008F4B61 /* BarChartSampleView.h */ = {isa = PBXFileReference; fileEncoding = 4; lastKnownFileType = sourcecode.c.h; path = BarChartSampleView.h; sourceTree = "<group>"; };
		0DCFF0DE1A7EAAC9008F4B61 /* BarChartSampleView.m */ = {isa = PBXFileReference; fileEncoding = 4; lastKnownFileType = sourcecode.c.objc; path = BarChartSampleView.m; sourceTree = "<group>"; };
		0DCFF0DF1A7EAAC9008F4B61 /* Chart2DSampleApp.h */ = {isa = PBXFileReference; fileEncoding = 4; lastKnownFileType = sourcecode.c.h; path = Chart2DSampleApp.h; sourceTree = "<group>"; };
		0DCFF0E01A7EAAC9008F4B61 /* Chart2DSampleApp.m */ = {isa = PBXFileReference; fileEncoding = 4; lastKnownFileType = sourcecode.c.objc; path = Chart2DSampleApp.m; sourceTree = "<group>"; };
		0DCFF0E11A7EAAC9008F4B61 /* Graph2DVC.h */ = {isa = PBXFileReference; fileEncoding = 4; lastKnownFileType = sourcecode.c.h; path = Graph2DVC.h; sourceTree = "<group>"; };
		0DCFF0E21A7EAAC9008F4B61 /* Graph2DVC.m */ = {isa = PBXFileReference; fileEncoding = 4; lastKnownFileType = sourcecode.c.objc; path = Graph2DVC.m; sourceTree = "<group>"; };
		0DCFF0E31A7EAAC9008F4B61 /* Graph2DVC.xib */ = {isa = PBXFileReference; fileEncoding = 4; lastKnownFileType = file.xib; path = Graph2DVC.xib; sourceTree = "<group>"; };
		0DCFF0E41A7EAAC9008F4B61 /* main.m */ = {isa = PBXFileReference; fileEncoding = 4; lastKnownFileType = sourcecode.c.objc; path = main.m; sourceTree = "<group>"; };
		0DCFF0E51A7EAAC9008F4B61 /* Sample2DView.h */ = {isa = PBXFileReference; fileEncoding = 4; lastKnownFileType = sourcecode.c.h; path = Sample2DView.h; sourceTree = "<group>"; };
		0DCFF0E61A7EAAC9008F4B61 /* Sample2DView.m */ = {isa = PBXFileReference; fileEncoding = 4; lastKnownFileType = sourcecode.c.objc; path = Sample2DView.m; sourceTree = "<group>"; };
		0DCFF0E71A7EAAC9008F4B61 /* SamplePieChart.h */ = {isa = PBXFileReference; fileEncoding = 4; lastKnownFileType = sourcecode.c.h; path = SamplePieChart.h; sourceTree = "<group>"; };
		0DCFF0E81A7EAAC9008F4B61 /* SamplePieChart.m */ = {isa = PBXFileReference; fileEncoding = 4; lastKnownFileType = sourcecode.c.objc; path = SamplePieChart.m; sourceTree = "<group>"; };
		0DCFF0E91A7EAAC9008F4B61 /* VolumnView.h */ = {isa = PBXFileReference; fileEncoding = 4; lastKnownFileType = sourcecode.c.h; path = VolumnView.h; sourceTree = "<group>"; };
		0DCFF0EA1A7EAAC9008F4B61 /* VolumnView.m */ = {isa = PBXFileReference; fileEncoding = 4; lastKnownFileType = sourcecode.c.objc; path = VolumnView.m; sourceTree = "<group>"; };
		0DCFF0F71A7EAAE3008F4B61 /* Chart2D.framework */ = {isa = PBXFileReference; lastKnownFileType = wrapper.framework; name = Chart2D.framework; path = dependency/Chart2D.framework; sourceTree = "<group>"; };
		0DF9B4BA1656EBB3003072F7 /* Graph2DTestApp.app */ = {isa = PBXFileReference; explicitFileType = wrapper.application; includeInIndex = 0; path = Graph2DTestApp.app; sourceTree = BUILT_PRODUCTS_DIR; };
		0DF9B4BE1656EBB3003072F7 /* UIKit.framework */ = {isa = PBXFileReference; lastKnownFileType = wrapper.framework; name = UIKit.framework; path = System/Library/Frameworks/UIKit.framework; sourceTree = SDKROOT; };
		0DF9B4C01656EBB3003072F7 /* Foundation.framework */ = {isa = PBXFileReference; lastKnownFileType = wrapper.framework; name = Foundation.framework; path = System/Library/Frameworks/Foundation.framework; sourceTree = SDKROOT; };
		0DF9B4C21656EBB3003072F7 /* CoreGraphics.framework */ = {isa = PBXFileReference; lastKnownFileType = wrapper.framework; name = CoreGraphics.framework; path = System/Library/Frameworks/CoreGraphics.framework; sourceTree = SDKROOT; };
		0DF9B4F81656EC42003072F7 /* QuartzCore.framework */ = {isa = PBXFileReference; lastKnownFileType = wrapper.framework; name = QuartzCore.framework; path = System/Library/Frameworks/QuartzCore.framework; sourceTree = SDKROOT; };
		0DF9B4FA1656EC54003072F7 /* OpenGLES.framework */ = {isa = PBXFileReference; lastKnownFileType = wrapper.framework; name = OpenGLES.framework; path = System/Library/Frameworks/OpenGLES.framework; sourceTree = SDKROOT; };
		0DF9B4FC1656EC59003072F7 /* GLKit.framework */ = {isa = PBXFileReference; lastKnownFileType = wrapper.framework; name = GLKit.framework; path = System/Library/Frameworks/GLKit.framework; sourceTree = SDKROOT; };
/* End PBXFileReference section */

/* Begin PBXFrameworksBuildPhase section */
		0DF9B4B71656EBB3003072F7 /* Frameworks */ = {
			isa = PBXFrameworksBuildPhase;
			buildActionMask = 2147483647;
			files = (
				0D8DD7771A7E9C4C0074F31B /* JavaScriptCore.framework in Frameworks */,
				0DF9B4BF1656EBB3003072F7 /* UIKit.framework in Frameworks */,
				0DF9B4C11656EBB3003072F7 /* Foundation.framework in Frameworks */,
				0DF9B4C31656EBB3003072F7 /* CoreGraphics.framework in Frameworks */,
				0DF9B4F91656EC42003072F7 /* QuartzCore.framework in Frameworks */,
				0DCFF0F81A7EAAE3008F4B61 /* Chart2D.framework in Frameworks */,
				0DF9B4FB1656EC54003072F7 /* OpenGLES.framework in Frameworks */,
				0DF9B4FD1656EC59003072F7 /* GLKit.framework in Frameworks */,
			);
			runOnlyForDeploymentPostprocessing = 0;
		};
/* End PBXFrameworksBuildPhase section */

/* Begin PBXGroup section */
		0DCFF0D51A7EAAC9008F4B61 /* sample-src */ = {
			isa = PBXGroup;
			children = (
				0DCFF0D61A7EAAC9008F4B61 /* resources */,
				0DCFF0DC1A7EAAC9008F4B61 /* src */,
			);
			path = "sample-src";
			sourceTree = "<group>";
		};
		0DCFF0D61A7EAAC9008F4B61 /* resources */ = {
			isa = PBXGroup;
			children = (
				0DCFF0D71A7EAAC9008F4B61 /* Default-568h@2x.png */,
				0DCFF0D81A7EAAC9008F4B61 /* Default.png */,
				0DCFF0D91A7EAAC9008F4B61 /* Default@2x.png */,
				0DCFF0DA1A7EAAC9008F4B61 /* Graph2DTestApp-Info.plist */,
				0DCFF0DB1A7EAAC9008F4B61 /* Graph2DTestApp-Prefix.pch */,
			);
			path = resources;
			sourceTree = "<group>";
		};
		0DCFF0DC1A7EAAC9008F4B61 /* src */ = {
			isa = PBXGroup;
			children = (
				0DCFF0DD1A7EAAC9008F4B61 /* BarChartSampleView.h */,
				0DCFF0DE1A7EAAC9008F4B61 /* BarChartSampleView.m */,
				0DCFF0DF1A7EAAC9008F4B61 /* Chart2DSampleApp.h */,
				0DCFF0E01A7EAAC9008F4B61 /* Chart2DSampleApp.m */,
				0DCFF0E11A7EAAC9008F4B61 /* Graph2DVC.h */,
				0DCFF0E21A7EAAC9008F4B61 /* Graph2DVC.m */,
				0DCFF0E31A7EAAC9008F4B61 /* Graph2DVC.xib */,
				0DCFF0E41A7EAAC9008F4B61 /* main.m */,
				0DCFF0E51A7EAAC9008F4B61 /* Sample2DView.h */,
				0DCFF0E61A7EAAC9008F4B61 /* Sample2DView.m */,
				0DCFF0E71A7EAAC9008F4B61 /* SamplePieChart.h */,
				0DCFF0E81A7EAAC9008F4B61 /* SamplePieChart.m */,
				0DCFF0E91A7EAAC9008F4B61 /* VolumnView.h */,
				0DCFF0EA1A7EAAC9008F4B61 /* VolumnView.m */,
			);
			path = src;
			sourceTree = "<group>";
		};
		0DF9B4AF1656EBB3003072F7 = {
			isa = PBXGroup;
			children = (
				0DCFF0D51A7EAAC9008F4B61 /* sample-src */,
				0DF9B4BD1656EBB3003072F7 /* Frameworks */,
				0DF9B4BB1656EBB3003072F7 /* Products */,
			);
			sourceTree = "<group>";
		};
		0DF9B4BB1656EBB3003072F7 /* Products */ = {
			isa = PBXGroup;
			children = (
				0DF9B4BA1656EBB3003072F7 /* Graph2DTestApp.app */,
			);
			name = Products;
			sourceTree = "<group>";
		};
		0DF9B4BD1656EBB3003072F7 /* Frameworks */ = {
			isa = PBXGroup;
			children = (
				0DCFF0F71A7EAAE3008F4B61 /* Chart2D.framework */,
				0D8DD7761A7E9C4C0074F31B /* JavaScriptCore.framework */,
				0DF9B4FC1656EC59003072F7 /* GLKit.framework */,
				0DF9B4FA1656EC54003072F7 /* OpenGLES.framework */,
				0DF9B4F81656EC42003072F7 /* QuartzCore.framework */,
				0DF9B4BE1656EBB3003072F7 /* UIKit.framework */,
				0DF9B4C01656EBB3003072F7 /* Foundation.framework */,
				0DF9B4C21656EBB3003072F7 /* CoreGraphics.framework */,
			);
			name = Frameworks;
			sourceTree = "<group>";
		};
/* End PBXGroup section */

/* Begin PBXNativeTarget section */
		0DF9B4B91656EBB3003072F7 /* Graph2DTestApp */ = {
			isa = PBXNativeTarget;
			buildConfigurationList = 0DF9B4DE1656EBB3003072F7 /* Build configuration list for PBXNativeTarget "Graph2DTestApp" */;
			buildPhases = (
				0DF9B4B61656EBB3003072F7 /* Sources */,
				0DF9B4B71656EBB3003072F7 /* Frameworks */,
				0DF9B4B81656EBB3003072F7 /* Resources */,
			);
			buildRules = (
			);
			dependencies = (
			);
			name = Graph2DTestApp;
			productName = Graph2DTestApp;
			productReference = 0DF9B4BA1656EBB3003072F7 /* Graph2DTestApp.app */;
			productType = "com.apple.product-type.application";
		};
/* End PBXNativeTarget section */

/* Begin PBXProject section */
		0DF9B4B11656EBB3003072F7 /* Project object */ = {
			isa = PBXProject;
			attributes = {
				CLASSPREFIX = CoreCrm;
				LastUpgradeCheck = 0610;
				ORGANIZATIONNAME = Oracle;
			};
			buildConfigurationList = 0DF9B4B41656EBB3003072F7 /* Build configuration list for PBXProject "Graph2DTestApp" */;
			compatibilityVersion = "Xcode 3.2";
			developmentRegion = English;
			hasScannedForEncodings = 0;
			knownRegions = (
				en,
			);
			mainGroup = 0DF9B4AF1656EBB3003072F7;
			productRefGroup = 0DF9B4BB1656EBB3003072F7 /* Products */;
			projectDirPath = "";
			projectRoot = "";
			targets = (
				0DF9B4B91656EBB3003072F7 /* Graph2DTestApp */,
			);
		};
/* End PBXProject section */

/* Begin PBXResourcesBuildPhase section */
		0DF9B4B81656EBB3003072F7 /* Resources */ = {
			isa = PBXResourcesBuildPhase;
			buildActionMask = 2147483647;
			files = (
				0DCFF0ED1A7EAAC9008F4B61 /* Default@2x.png in Resources */,
				0DCFF0EE1A7EAAC9008F4B61 /* Graph2DTestApp-Info.plist in Resources */,
				0DCFF0EB1A7EAAC9008F4B61 /* Default-568h@2x.png in Resources */,
				0DCFF0F21A7EAAC9008F4B61 /* Graph2DVC.xib in Resources */,
				0DCFF0EC1A7EAAC9008F4B61 /* Default.png in Resources */,
			);
			runOnlyForDeploymentPostprocessing = 0;
		};
/* End PBXResourcesBuildPhase section */

/* Begin PBXSourcesBuildPhase section */
		0DF9B4B61656EBB3003072F7 /* Sources */ = {
			isa = PBXSourcesBuildPhase;
			buildActionMask = 2147483647;
			files = (
				0DCFF0F11A7EAAC9008F4B61 /* Graph2DVC.m in Sources */,
				0DCFF0F01A7EAAC9008F4B61 /* Chart2DSampleApp.m in Sources */,
				0DCFF0F31A7EAAC9008F4B61 /* main.m in Sources */,
				0DCFF0F51A7EAAC9008F4B61 /* SamplePieChart.m in Sources */,
				0DCFF0F41A7EAAC9008F4B61 /* Sample2DView.m in Sources */,
				0DCFF0F61A7EAAC9008F4B61 /* VolumnView.m in Sources */,
				0DCFF0EF1A7EAAC9008F4B61 /* BarChartSampleView.m in Sources */,
			);
			runOnlyForDeploymentPostprocessing = 0;
		};
/* End PBXSourcesBuildPhase section */

/* Begin XCBuildConfiguration section */
		0DF9B4DC1656EBB3003072F7 /* Debug */ = {
			isa = XCBuildConfiguration;
			buildSettings = {
				ALWAYS_SEARCH_USER_PATHS = NO;
				CLANG_CXX_LANGUAGE_STANDARD = "compiler-default";
				CLANG_CXX_LIBRARY = "compiler-default";
				CLANG_WARN_BOOL_CONVERSION = YES;
				CLANG_WARN_CONSTANT_CONVERSION = YES;
				CLANG_WARN_EMPTY_BODY = YES;
				CLANG_WARN_ENUM_CONVERSION = YES;
				CLANG_WARN_INT_CONVERSION = YES;
				CLANG_WARN_UNREACHABLE_CODE = YES;
				CLANG_WARN__DUPLICATE_METHOD_MATCH = YES;
				"CODE_SIGN_IDENTITY[sdk=iphoneos*]" = "iPhone Developer";
				COPY_PHASE_STRIP = NO;
				ENABLE_STRICT_OBJC_MSGSEND = YES;
				GCC_C_LANGUAGE_STANDARD = gnu99;
				GCC_DYNAMIC_NO_PIC = NO;
				GCC_OPTIMIZATION_LEVEL = 0;
				GCC_PREPROCESSOR_DEFINITIONS = (
					"DEBUG=1",
					"$(inherited)",
				);
				GCC_SYMBOLS_PRIVATE_EXTERN = NO;
				GCC_VERSION = com.apple.compilers.llvm.clang.1_0;
				GCC_WARN_64_TO_32_BIT_CONVERSION = YES;
				GCC_WARN_ABOUT_RETURN_TYPE = YES;
				GCC_WARN_UNDECLARED_SELECTOR = YES;
				GCC_WARN_UNINITIALIZED_AUTOS = YES;
				GCC_WARN_UNUSED_FUNCTION = YES;
				GCC_WARN_UNUSED_VARIABLE = YES;
				IPHONEOS_DEPLOYMENT_TARGET = 7.0;
				ONLY_ACTIVE_ARCH = YES;
				SDKROOT = iphoneos;
				TARGETED_DEVICE_FAMILY = 2;
				VALID_ARCHS = "armv7 armv7s arm64";
			};
			name = Debug;
		};
		0DF9B4DD1656EBB3003072F7 /* Release */ = {
			isa = XCBuildConfiguration;
			buildSettings = {
				ALWAYS_SEARCH_USER_PATHS = NO;
				CLANG_CXX_LANGUAGE_STANDARD = "compiler-default";
				CLANG_CXX_LIBRARY = "compiler-default";
				CLANG_WARN_BOOL_CONVERSION = YES;
				CLANG_WARN_CONSTANT_CONVERSION = YES;
				CLANG_WARN_EMPTY_BODY = YES;
				CLANG_WARN_ENUM_CONVERSION = YES;
				CLANG_WARN_INT_CONVERSION = YES;
				CLANG_WARN_UNREACHABLE_CODE = YES;
				CLANG_WARN__DUPLICATE_METHOD_MATCH = YES;
				"CODE_SIGN_IDENTITY[sdk=iphoneos*]" = "iPhone Developer";
				COPY_PHASE_STRIP = YES;
				ENABLE_STRICT_OBJC_MSGSEND = YES;
				GCC_C_LANGUAGE_STANDARD = gnu99;
				GCC_VERSION = com.apple.compilers.llvm.clang.1_0;
				GCC_WARN_64_TO_32_BIT_CONVERSION = YES;
				GCC_WARN_ABOUT_RETURN_TYPE = YES;
				GCC_WARN_UNDECLARED_SELECTOR = YES;
				GCC_WARN_UNINITIALIZED_AUTOS = YES;
				GCC_WARN_UNUSED_FUNCTION = YES;
				GCC_WARN_UNUSED_VARIABLE = YES;
				IPHONEOS_DEPLOYMENT_TARGET = 7.0;
				ONLY_ACTIVE_ARCH = YES;
				OTHER_CFLAGS = "-DNS_BLOCK_ASSERTIONS=1";
				SDKROOT = iphoneos;
				TARGETED_DEVICE_FAMILY = 2;
				VALIDATE_PRODUCT = YES;
				VALID_ARCHS = "armv7 armv7s arm64";
			};
			name = Release;
		};
		0DF9B4DF1656EBB3003072F7 /* Debug */ = {
			isa = XCBuildConfiguration;
			buildSettings = {
				CLANG_CXX_LANGUAGE_STANDARD = "compiler-default";
				CLANG_CXX_LIBRARY = "compiler-default";
				CLANG_ENABLE_OBJC_ARC = YES;
				FRAMEWORK_SEARCH_PATHS = (
					"$(inherited)",
					/Users/anpwang/Documents/iPhoneProjects/Chart2D,
					"$(PROJECT_DIR)/dependency",
				);
				GCC_PRECOMPILE_PREFIX_HEADER = YES;
				GCC_PREFIX_HEADER = "$(SRCROOT)/sample-src/resources/Graph2DTestApp-Prefix.pch";
				INFOPLIST_FILE = "$(SRCROOT)/sample-src/resources/Graph2DTestApp-Info.plist";
				LIBRARY_SEARCH_PATHS = (
					"$(inherited)",
					"\"$(SRCROOT)/dependencies/lib\"",
				);
				ONLY_ACTIVE_ARCH = NO;
				PRODUCT_NAME = "$(TARGET_NAME)";
				WRAPPER_EXTENSION = app;
			};
			name = Debug;
		};
		0DF9B4E01656EBB3003072F7 /* Release */ = {
			isa = XCBuildConfiguration;
			buildSettings = {
				CLANG_CXX_LANGUAGE_STANDARD = "compiler-default";
				CLANG_CXX_LIBRARY = "compiler-default";
				CLANG_ENABLE_OBJC_ARC = YES;
				FRAMEWORK_SEARCH_PATHS = (
					"$(inherited)",
					/Users/anpwang/Documents/iPhoneProjects/Chart2D,
					"$(PROJECT_DIR)/dependency",
				);
				GCC_PRECOMPILE_PREFIX_HEADER = YES;
				GCC_PREFIX_HEADER = "$(SRCROOT)/sample-src/resources/Graph2DTestApp-Prefix.pch";
				INFOPLIST_FILE = "$(SRCROOT)/sample-src/resources/Graph2DTestApp-Info.plist";
				LIBRARY_SEARCH_PATHS = (
					"$(inherited)",
					"\"$(SRCROOT)/dependencies/lib\"",
				);
				ONLY_ACTIVE_ARCH = NO;
				PRODUCT_NAME = "$(TARGET_NAME)";
				WRAPPER_EXTENSION = app;
			};
			name = Release;
		};
/* End XCBuildConfiguration section */

/* Begin XCConfigurationList section */
		0DF9B4B41656EBB3003072F7 /* Build configuration list for PBXProject "Graph2DTestApp" */ = {
			isa = XCConfigurationList;
			buildConfigurations = (
				0DF9B4DC1656EBB3003072F7 /* Debug */,
				0DF9B4DD1656EBB3003072F7 /* Release */,
			);
			defaultConfigurationIsVisible = 0;
			defaultConfigurationName = Release;
		};
		0DF9B4DE1656EBB3003072F7 /* Build configuration list for PBXNativeTarget "Graph2DTestApp" */ = {
			isa = XCConfigurationList;
			buildConfigurations = (
				0DF9B4DF1656EBB3003072F7 /* Debug */,
				0DF9B4E01656EBB3003072F7 /* Release */,
			);
			defaultConfigurationIsVisible = 0;
			defaultConfigurationName = Release;
		};
/* End XCConfigurationList section */
	};
	rootObject = 0DF9B4B11656EBB3003072F7 /* Project object */;
}
