// !$*UTF8*$!
{
	archiveVersion = 1;
	classes = {
	};
	objectVersion = 46;
	objects = {

/* Begin PBXBuildFile section */
		0D2F1EF91AFF170400379192 /* SiteVC.m in Sources */ = {isa = PBXBuildFile; fileRef = 0D2F1EF71AFF170400379192 /* SiteVC.m */; };
		0D2F1EFA1AFF170400379192 /* SiteVC.xib in Resources */ = {isa = PBXBuildFile; fileRef = 0D2F1EF81AFF170400379192 /* SiteVC.xib */; };
		0D2F1EFE1AFF23B100379192 /* CampaignWinsVC.m in Sources */ = {isa = PBXBuildFile; fileRef = 0D2F1EFC1AFF23B100379192 /* CampaignWinsVC.m */; };
		0D2F1EFF1AFF23B100379192 /* CampaignWinsVC.xib in Resources */ = {isa = PBXBuildFile; fileRef = 0D2F1EFD1AFF23B100379192 /* CampaignWinsVC.xib */; };
		0D30E0AF1B0D8F4600ECA455 /* OfflineGraphVC.m in Sources */ = {isa = PBXBuildFile; fileRef = 0D30E0AD1B0D8F4600ECA455 /* OfflineGraphVC.m */; };
		0D30E0B01B0D8F4600ECA455 /* OfflineGraphVC.xib in Resources */ = {isa = PBXBuildFile; fileRef = 0D30E0AE1B0D8F4600ECA455 /* OfflineGraphVC.xib */; };
		0D3E41CB1A7EBFEB00FB756D /* Bluekai.framework in Frameworks */ = {isa = PBXBuildFile; fileRef = 0D3E41CA1A7EBFEB00FB756D /* Bluekai.framework */; };
		0D5E64CB1B001FC700EEB0E5 /* CoreImage.framework in Frameworks */ = {isa = PBXBuildFile; fileRef = 0D5E64CA1B001FC700EEB0E5 /* CoreImage.framework */; };
		0D5E64CD1B001FD500EEB0E5 /* GLKit.framework in Frameworks */ = {isa = PBXBuildFile; fileRef = 0D5E64CC1B001FD500EEB0E5 /* GLKit.framework */; };
		0D5E64CF1B001FDD00EEB0E5 /* OpenGLES.framework in Frameworks */ = {isa = PBXBuildFile; fileRef = 0D5E64CE1B001FDD00EEB0E5 /* OpenGLES.framework */; };
		0D5E64D11B001FE600EEB0E5 /* QuartzCore.framework in Frameworks */ = {isa = PBXBuildFile; fileRef = 0D5E64D01B001FE600EEB0E5 /* QuartzCore.framework */; };
		0D5E64D31B001FEE00EEB0E5 /* UIKit.framework in Frameworks */ = {isa = PBXBuildFile; fileRef = 0D5E64D21B001FEE00EEB0E5 /* UIKit.framework */; };
		0D5E64D51B001FF700EEB0E5 /* Foundation.framework in Frameworks */ = {isa = PBXBuildFile; fileRef = 0D5E64D41B001FF700EEB0E5 /* Foundation.framework */; };
		0D5E64D71B001FFF00EEB0E5 /* CoreGraphics.framework in Frameworks */ = {isa = PBXBuildFile; fileRef = 0D5E64D61B001FFF00EEB0E5 /* CoreGraphics.framework */; };
		0D5E65161B00FDB200EEB0E5 /* Chart2D.framework in Frameworks */ = {isa = PBXBuildFile; fileRef = 0D5E65151B00FDB200EEB0E5 /* Chart2D.framework */; };
		0D5E65191B01C4F800EEB0E5 /* SqlGraphView.m in Sources */ = {isa = PBXBuildFile; fileRef = 0D5E65181B01C4F800EEB0E5 /* SqlGraphView.m */; };
		0D5E651D1B01CFB700EEB0E5 /* CFRGraphVC.m in Sources */ = {isa = PBXBuildFile; fileRef = 0D5E651B1B01CFB700EEB0E5 /* CFRGraphVC.m */; };
		0D5E651E1B01CFB700EEB0E5 /* CFRGraphVC.xib in Resources */ = {isa = PBXBuildFile; fileRef = 0D5E651C1B01CFB700EEB0E5 /* CFRGraphVC.xib */; };
		0D87D4A71AEB5E4B006856A8 /* MainVC.m in Sources */ = {isa = PBXBuildFile; fileRef = 0D87D4A51AEB5E4B006856A8 /* MainVC.m */; };
		0D87D4AA1AEB5F47006856A8 /* BluekaiIDVC.xib in Resources */ = {isa = PBXBuildFile; fileRef = 0D87D4A91AEB5F47006856A8 /* BluekaiIDVC.xib */; };
		0D87D4AD1AEC4C8D006856A8 /* StorageCommonVC.m in Sources */ = {isa = PBXBuildFile; fileRef = 0D87D4AC1AEC4C8D006856A8 /* StorageCommonVC.m */; };
		0D87D4B01AEC4D55006856A8 /* HTTPConnector.m in Sources */ = {isa = PBXBuildFile; fileRef = 0D87D4AF1AEC4D55006856A8 /* HTTPConnector.m */; };
		0D87D4B41AEC538A006856A8 /* CategoryVC.m in Sources */ = {isa = PBXBuildFile; fileRef = 0D87D4B21AEC538A006856A8 /* CategoryVC.m */; };
		0D87D4B51AEC538A006856A8 /* CategoryVC.xib in Resources */ = {isa = PBXBuildFile; fileRef = 0D87D4B31AEC538A006856A8 /* CategoryVC.xib */; };
		0D87D4B91AEC6D7A006856A8 /* CampaignVC.m in Sources */ = {isa = PBXBuildFile; fileRef = 0D87D4B71AEC6D7A006856A8 /* CampaignVC.m */; };
		0D87D4BA1AEC6D7A006856A8 /* CampaignVC.xib in Resources */ = {isa = PBXBuildFile; fileRef = 0D87D4B81AEC6D7A006856A8 /* CampaignVC.xib */; };
		0D87D4BE1AEC9754006856A8 /* CfrStatusVC.m in Sources */ = {isa = PBXBuildFile; fileRef = 0D87D4BC1AEC9754006856A8 /* CfrStatusVC.m */; };
		0D87D4BF1AEC9754006856A8 /* CfrStatusVC.xib in Resources */ = {isa = PBXBuildFile; fileRef = 0D87D4BD1AEC9754006856A8 /* CfrStatusVC.xib */; };
		0D91ADF91B0E278C00962383 /* DeliveryGraphVC.m in Sources */ = {isa = PBXBuildFile; fileRef = 0D91ADF71B0E278C00962383 /* DeliveryGraphVC.m */; };
		0D91ADFA1B0E278C00962383 /* DeliveryGraphVC.xib in Resources */ = {isa = PBXBuildFile; fileRef = 0D91ADF81B0E278C00962383 /* DeliveryGraphVC.xib */; };
		0DAA865A1B064CC70085AF40 /* BlueKai58 copy.png in Resources */ = {isa = PBXBuildFile; fileRef = 0DAA86561B064CC70085AF40 /* BlueKai58 copy.png */; };
		0DAA865B1B064CC70085AF40 /* BlueKai80.png in Resources */ = {isa = PBXBuildFile; fileRef = 0DAA86571B064CC70085AF40 /* BlueKai80.png */; };
		0DAA865C1B064CC70085AF40 /* BlueKai87.png in Resources */ = {isa = PBXBuildFile; fileRef = 0DAA86581B064CC70085AF40 /* BlueKai87.png */; };
		0DAA865D1B064CC70085AF40 /* BlueKai120.png in Resources */ = {isa = PBXBuildFile; fileRef = 0DAA86591B064CC70085AF40 /* BlueKai120.png */; };
		0DB9158F1B0EEEEA00EB444A /* BKStorageManager.m in Sources */ = {isa = PBXBuildFile; fileRef = 0DB9158E1B0EEEEA00EB444A /* BKStorageManager.m */; };
		0DD063E11A6B415300BA9139 /* main.m in Sources */ = {isa = PBXBuildFile; fileRef = 0DD063E01A6B415300BA9139 /* main.m */; };
		0DD063E41A6B415300BA9139 /* AppDelegate.m in Sources */ = {isa = PBXBuildFile; fileRef = 0DD063E31A6B415300BA9139 /* AppDelegate.m */; };
		0DD063E71A6B415300BA9139 /* BluekaiIDVC.m in Sources */ = {isa = PBXBuildFile; fileRef = 0DD063E61A6B415300BA9139 /* BluekaiIDVC.m */; };
		0DD063EA1A6B415300BA9139 /* Main.storyboard in Resources */ = {isa = PBXBuildFile; fileRef = 0DD063E81A6B415300BA9139 /* Main.storyboard */; };
		0DD063EC1A6B415300BA9139 /* Images.xcassets in Resources */ = {isa = PBXBuildFile; fileRef = 0DD063EB1A6B415300BA9139 /* Images.xcassets */; };
		0DD063EF1A6B415300BA9139 /* LaunchScreen.xib in Resources */ = {isa = PBXBuildFile; fileRef = 0DD063ED1A6B415300BA9139 /* LaunchScreen.xib */; };
		0DD064571A6C37B900BA9139 /* AdSupport.framework in Frameworks */ = {isa = PBXBuildFile; fileRef = 0DD064561A6C37B900BA9139 /* AdSupport.framework */; };
		0DD0645D1A6C6A0A00BA9139 /* BlueKai_1712415.png in Resources */ = {isa = PBXBuildFile; fileRef = 0DD0645C1A6C6A0A00BA9139 /* BlueKai_1712415.png */; };
		0DD0645F1A6C6A1100BA9139 /* bluekai.jpg in Resources */ = {isa = PBXBuildFile; fileRef = 0DD0645E1A6C6A1100BA9139 /* bluekai.jpg */; };
		0DD406981AED7517004BE290 /* PartnerVC.m in Sources */ = {isa = PBXBuildFile; fileRef = 0DD406961AED7517004BE290 /* PartnerVC.m */; };
		0DD406991AED7517004BE290 /* PartnerVC.xib in Resources */ = {isa = PBXBuildFile; fileRef = 0DD406971AED7517004BE290 /* PartnerVC.xib */; };
		0DD4069D1AEE017A004BE290 /* PartnerEntityVC.m in Sources */ = {isa = PBXBuildFile; fileRef = 0DD4069B1AEE017A004BE290 /* PartnerEntityVC.m */; };
		0DD4069E1AEE017A004BE290 /* PartnerEntityVC.xib in Resources */ = {isa = PBXBuildFile; fileRef = 0DD4069C1AEE017A004BE290 /* PartnerEntityVC.xib */; };
/* End PBXBuildFile section */

/* Begin PBXFileReference section */
		0D2F1EF61AFF170400379192 /* SiteVC.h */ = {isa = PBXFileReference; fileEncoding = 4; lastKnownFileType = sourcecode.c.h; path = SiteVC.h; sourceTree = "<group>"; };
		0D2F1EF71AFF170400379192 /* SiteVC.m */ = {isa = PBXFileReference; fileEncoding = 4; lastKnownFileType = sourcecode.c.objc; path = SiteVC.m; sourceTree = "<group>"; };
		0D2F1EF81AFF170400379192 /* SiteVC.xib */ = {isa = PBXFileReference; fileEncoding = 4; lastKnownFileType = file.xib; path = SiteVC.xib; sourceTree = "<group>"; };
		0D2F1EFB1AFF23B100379192 /* CampaignWinsVC.h */ = {isa = PBXFileReference; fileEncoding = 4; lastKnownFileType = sourcecode.c.h; path = CampaignWinsVC.h; sourceTree = "<group>"; };
		0D2F1EFC1AFF23B100379192 /* CampaignWinsVC.m */ = {isa = PBXFileReference; fileEncoding = 4; lastKnownFileType = sourcecode.c.objc; path = CampaignWinsVC.m; sourceTree = "<group>"; };
		0D2F1EFD1AFF23B100379192 /* CampaignWinsVC.xib */ = {isa = PBXFileReference; fileEncoding = 4; lastKnownFileType = file.xib; path = CampaignWinsVC.xib; sourceTree = "<group>"; };
		0D30E0AC1B0D8F4600ECA455 /* OfflineGraphVC.h */ = {isa = PBXFileReference; fileEncoding = 4; lastKnownFileType = sourcecode.c.h; path = OfflineGraphVC.h; sourceTree = "<group>"; };
		0D30E0AD1B0D8F4600ECA455 /* OfflineGraphVC.m */ = {isa = PBXFileReference; fileEncoding = 4; lastKnownFileType = sourcecode.c.objc; path = OfflineGraphVC.m; sourceTree = "<group>"; };
		0D30E0AE1B0D8F4600ECA455 /* OfflineGraphVC.xib */ = {isa = PBXFileReference; fileEncoding = 4; lastKnownFileType = file.xib; path = OfflineGraphVC.xib; sourceTree = "<group>"; };
		0D3E41CA1A7EBFEB00FB756D /* Bluekai.framework */ = {isa = PBXFileReference; lastKnownFileType = wrapper.framework; name = Bluekai.framework; path = ../Bluekai/Bluekai.framework; sourceTree = "<group>"; };
		0D5E64CA1B001FC700EEB0E5 /* CoreImage.framework */ = {isa = PBXFileReference; lastKnownFileType = wrapper.framework; name = CoreImage.framework; path = System/Library/Frameworks/CoreImage.framework; sourceTree = SDKROOT; };
		0D5E64CC1B001FD500EEB0E5 /* GLKit.framework */ = {isa = PBXFileReference; lastKnownFileType = wrapper.framework; name = GLKit.framework; path = System/Library/Frameworks/GLKit.framework; sourceTree = SDKROOT; };
		0D5E64CE1B001FDD00EEB0E5 /* OpenGLES.framework */ = {isa = PBXFileReference; lastKnownFileType = wrapper.framework; name = OpenGLES.framework; path = System/Library/Frameworks/OpenGLES.framework; sourceTree = SDKROOT; };
		0D5E64D01B001FE600EEB0E5 /* QuartzCore.framework */ = {isa = PBXFileReference; lastKnownFileType = wrapper.framework; name = QuartzCore.framework; path = System/Library/Frameworks/QuartzCore.framework; sourceTree = SDKROOT; };
		0D5E64D21B001FEE00EEB0E5 /* UIKit.framework */ = {isa = PBXFileReference; lastKnownFileType = wrapper.framework; name = UIKit.framework; path = System/Library/Frameworks/UIKit.framework; sourceTree = SDKROOT; };
		0D5E64D41B001FF700EEB0E5 /* Foundation.framework */ = {isa = PBXFileReference; lastKnownFileType = wrapper.framework; name = Foundation.framework; path = System/Library/Frameworks/Foundation.framework; sourceTree = SDKROOT; };
		0D5E64D61B001FFF00EEB0E5 /* CoreGraphics.framework */ = {isa = PBXFileReference; lastKnownFileType = wrapper.framework; name = CoreGraphics.framework; path = System/Library/Frameworks/CoreGraphics.framework; sourceTree = SDKROOT; };
		0D5E65151B00FDB200EEB0E5 /* Chart2D.framework */ = {isa = PBXFileReference; lastKnownFileType = wrapper.framework; name = Chart2D.framework; path = ../../dependency/Chart2D.framework; sourceTree = "<group>"; };
		0D5E65171B01C4F800EEB0E5 /* SqlGraphView.h */ = {isa = PBXFileReference; fileEncoding = 4; lastKnownFileType = sourcecode.c.h; path = SqlGraphView.h; sourceTree = "<group>"; };
		0D5E65181B01C4F800EEB0E5 /* SqlGraphView.m */ = {isa = PBXFileReference; fileEncoding = 4; lastKnownFileType = sourcecode.c.objc; path = SqlGraphView.m; sourceTree = "<group>"; };
		0D5E651A1B01CFB700EEB0E5 /* CFRGraphVC.h */ = {isa = PBXFileReference; fileEncoding = 4; lastKnownFileType = sourcecode.c.h; path = CFRGraphVC.h; sourceTree = "<group>"; };
		0D5E651B1B01CFB700EEB0E5 /* CFRGraphVC.m */ = {isa = PBXFileReference; fileEncoding = 4; lastKnownFileType = sourcecode.c.objc; path = CFRGraphVC.m; sourceTree = "<group>"; };
		0D5E651C1B01CFB700EEB0E5 /* CFRGraphVC.xib */ = {isa = PBXFileReference; fileEncoding = 4; lastKnownFileType = file.xib; path = CFRGraphVC.xib; sourceTree = "<group>"; };
		0D87D4A41AEB5E4B006856A8 /* MainVC.h */ = {isa = PBXFileReference; fileEncoding = 4; lastKnownFileType = sourcecode.c.h; path = MainVC.h; sourceTree = "<group>"; };
		0D87D4A51AEB5E4B006856A8 /* MainVC.m */ = {isa = PBXFileReference; fileEncoding = 4; lastKnownFileType = sourcecode.c.objc; path = MainVC.m; sourceTree = "<group>"; };
		0D87D4A91AEB5F47006856A8 /* BluekaiIDVC.xib */ = {isa = PBXFileReference; fileEncoding = 4; lastKnownFileType = file.xib; path = BluekaiIDVC.xib; sourceTree = "<group>"; };
		0D87D4AB1AEC4C8D006856A8 /* StorageCommonVC.h */ = {isa = PBXFileReference; fileEncoding = 4; lastKnownFileType = sourcecode.c.h; path = StorageCommonVC.h; sourceTree = "<group>"; };
		0D87D4AC1AEC4C8D006856A8 /* StorageCommonVC.m */ = {isa = PBXFileReference; fileEncoding = 4; lastKnownFileType = sourcecode.c.objc; path = StorageCommonVC.m; sourceTree = "<group>"; };
		0D87D4AE1AEC4D55006856A8 /* HTTPConnector.h */ = {isa = PBXFileReference; fileEncoding = 4; lastKnownFileType = sourcecode.c.h; path = HTTPConnector.h; sourceTree = "<group>"; };
		0D87D4AF1AEC4D55006856A8 /* HTTPConnector.m */ = {isa = PBXFileReference; fileEncoding = 4; lastKnownFileType = sourcecode.c.objc; path = HTTPConnector.m; sourceTree = "<group>"; };
		0D87D4B11AEC538A006856A8 /* CategoryVC.h */ = {isa = PBXFileReference; fileEncoding = 4; lastKnownFileType = sourcecode.c.h; path = CategoryVC.h; sourceTree = "<group>"; };
		0D87D4B21AEC538A006856A8 /* CategoryVC.m */ = {isa = PBXFileReference; fileEncoding = 4; lastKnownFileType = sourcecode.c.objc; path = CategoryVC.m; sourceTree = "<group>"; };
		0D87D4B31AEC538A006856A8 /* CategoryVC.xib */ = {isa = PBXFileReference; fileEncoding = 4; lastKnownFileType = file.xib; path = CategoryVC.xib; sourceTree = "<group>"; };
		0D87D4B61AEC6D7A006856A8 /* CampaignVC.h */ = {isa = PBXFileReference; fileEncoding = 4; lastKnownFileType = sourcecode.c.h; path = CampaignVC.h; sourceTree = "<group>"; };
		0D87D4B71AEC6D7A006856A8 /* CampaignVC.m */ = {isa = PBXFileReference; fileEncoding = 4; lastKnownFileType = sourcecode.c.objc; path = CampaignVC.m; sourceTree = "<group>"; };
		0D87D4B81AEC6D7A006856A8 /* CampaignVC.xib */ = {isa = PBXFileReference; fileEncoding = 4; lastKnownFileType = file.xib; path = CampaignVC.xib; sourceTree = "<group>"; };
		0D87D4BB1AEC9754006856A8 /* CfrStatusVC.h */ = {isa = PBXFileReference; fileEncoding = 4; lastKnownFileType = sourcecode.c.h; path = CfrStatusVC.h; sourceTree = "<group>"; };
		0D87D4BC1AEC9754006856A8 /* CfrStatusVC.m */ = {isa = PBXFileReference; fileEncoding = 4; lastKnownFileType = sourcecode.c.objc; path = CfrStatusVC.m; sourceTree = "<group>"; };
		0D87D4BD1AEC9754006856A8 /* CfrStatusVC.xib */ = {isa = PBXFileReference; fileEncoding = 4; lastKnownFileType = file.xib; path = CfrStatusVC.xib; sourceTree = "<group>"; };
		0D91ADF61B0E278C00962383 /* DeliveryGraphVC.h */ = {isa = PBXFileReference; fileEncoding = 4; lastKnownFileType = sourcecode.c.h; path = DeliveryGraphVC.h; sourceTree = "<group>"; };
		0D91ADF71B0E278C00962383 /* DeliveryGraphVC.m */ = {isa = PBXFileReference; fileEncoding = 4; lastKnownFileType = sourcecode.c.objc; path = DeliveryGraphVC.m; sourceTree = "<group>"; };
		0D91ADF81B0E278C00962383 /* DeliveryGraphVC.xib */ = {isa = PBXFileReference; fileEncoding = 4; lastKnownFileType = file.xib; path = DeliveryGraphVC.xib; sourceTree = "<group>"; };
		0DAA86561B064CC70085AF40 /* BlueKai58 copy.png */ = {isa = PBXFileReference; lastKnownFileType = image.png; path = "BlueKai58 copy.png"; sourceTree = "<group>"; };
		0DAA86571B064CC70085AF40 /* BlueKai80.png */ = {isa = PBXFileReference; lastKnownFileType = image.png; path = BlueKai80.png; sourceTree = "<group>"; };
		0DAA86581B064CC70085AF40 /* BlueKai87.png */ = {isa = PBXFileReference; lastKnownFileType = image.png; path = BlueKai87.png; sourceTree = "<group>"; };
		0DAA86591B064CC70085AF40 /* BlueKai120.png */ = {isa = PBXFileReference; lastKnownFileType = image.png; path = BlueKai120.png; sourceTree = "<group>"; };
		0DB9158D1B0EEEEA00EB444A /* BKStorageManager.h */ = {isa = PBXFileReference; fileEncoding = 4; lastKnownFileType = sourcecode.c.h; path = BKStorageManager.h; sourceTree = "<group>"; };
		0DB9158E1B0EEEEA00EB444A /* BKStorageManager.m */ = {isa = PBXFileReference; fileEncoding = 4; lastKnownFileType = sourcecode.c.objc; path = BKStorageManager.m; sourceTree = "<group>"; };
		0DD063DB1A6B415300BA9139 /* BluekaiDemo.app */ = {isa = PBXFileReference; explicitFileType = wrapper.application; includeInIndex = 0; path = BluekaiDemo.app; sourceTree = BUILT_PRODUCTS_DIR; };
		0DD063DF1A6B415300BA9139 /* Info.plist */ = {isa = PBXFileReference; lastKnownFileType = text.plist.xml; path = Info.plist; sourceTree = "<group>"; };
		0DD063E01A6B415300BA9139 /* main.m */ = {isa = PBXFileReference; lastKnownFileType = sourcecode.c.objc; path = main.m; sourceTree = "<group>"; };
		0DD063E21A6B415300BA9139 /* AppDelegate.h */ = {isa = PBXFileReference; lastKnownFileType = sourcecode.c.h; path = AppDelegate.h; sourceTree = "<group>"; };
		0DD063E31A6B415300BA9139 /* AppDelegate.m */ = {isa = PBXFileReference; lastKnownFileType = sourcecode.c.objc; path = AppDelegate.m; sourceTree = "<group>"; };
		0DD063E51A6B415300BA9139 /* BluekaiIDVC.h */ = {isa = PBXFileReference; lastKnownFileType = sourcecode.c.h; path = BluekaiIDVC.h; sourceTree = "<group>"; };
		0DD063E61A6B415300BA9139 /* BluekaiIDVC.m */ = {isa = PBXFileReference; lastKnownFileType = sourcecode.c.objc; path = BluekaiIDVC.m; sourceTree = "<group>"; };
		0DD063E91A6B415300BA9139 /* Base */ = {isa = PBXFileReference; lastKnownFileType = file.storyboard; name = Base; path = Base.lproj/Main.storyboard; sourceTree = "<group>"; };
		0DD063EB1A6B415300BA9139 /* Images.xcassets */ = {isa = PBXFileReference; lastKnownFileType = folder.assetcatalog; path = Images.xcassets; sourceTree = "<group>"; };
		0DD063EE1A6B415300BA9139 /* Base */ = {isa = PBXFileReference; lastKnownFileType = file.xib; name = Base; path = Base.lproj/LaunchScreen.xib; sourceTree = "<group>"; };
		0DD064561A6C37B900BA9139 /* AdSupport.framework */ = {isa = PBXFileReference; lastKnownFileType = wrapper.framework; name = AdSupport.framework; path = System/Library/Frameworks/AdSupport.framework; sourceTree = SDKROOT; };
		0DD0645C1A6C6A0A00BA9139 /* BlueKai_1712415.png */ = {isa = PBXFileReference; lastKnownFileType = image.png; path = BlueKai_1712415.png; sourceTree = "<group>"; };
		0DD0645E1A6C6A1100BA9139 /* bluekai.jpg */ = {isa = PBXFileReference; lastKnownFileType = image.jpeg; path = bluekai.jpg; sourceTree = "<group>"; };
		0DD406951AED7517004BE290 /* PartnerVC.h */ = {isa = PBXFileReference; fileEncoding = 4; lastKnownFileType = sourcecode.c.h; path = PartnerVC.h; sourceTree = "<group>"; };
		0DD406961AED7517004BE290 /* PartnerVC.m */ = {isa = PBXFileReference; fileEncoding = 4; lastKnownFileType = sourcecode.c.objc; path = PartnerVC.m; sourceTree = "<group>"; };
		0DD406971AED7517004BE290 /* PartnerVC.xib */ = {isa = PBXFileReference; fileEncoding = 4; lastKnownFileType = file.xib; path = PartnerVC.xib; sourceTree = "<group>"; };
		0DD4069A1AEE017A004BE290 /* PartnerEntityVC.h */ = {isa = PBXFileReference; fileEncoding = 4; lastKnownFileType = sourcecode.c.h; path = PartnerEntityVC.h; sourceTree = "<group>"; };
		0DD4069B1AEE017A004BE290 /* PartnerEntityVC.m */ = {isa = PBXFileReference; fileEncoding = 4; lastKnownFileType = sourcecode.c.objc; path = PartnerEntityVC.m; sourceTree = "<group>"; };
		0DD4069C1AEE017A004BE290 /* PartnerEntityVC.xib */ = {isa = PBXFileReference; fileEncoding = 4; lastKnownFileType = file.xib; path = PartnerEntityVC.xib; sourceTree = "<group>"; };
/* End PBXFileReference section */

/* Begin PBXFrameworksBuildPhase section */
		0DD063D81A6B415300BA9139 /* Frameworks */ = {
			isa = PBXFrameworksBuildPhase;
			buildActionMask = 2147483647;
			files = (
				0D5E64D71B001FFF00EEB0E5 /* CoreGraphics.framework in Frameworks */,
				0D5E64D51B001FF700EEB0E5 /* Foundation.framework in Frameworks */,
				0D5E64D31B001FEE00EEB0E5 /* UIKit.framework in Frameworks */,
				0D5E64D11B001FE600EEB0E5 /* QuartzCore.framework in Frameworks */,
				0D5E64CF1B001FDD00EEB0E5 /* OpenGLES.framework in Frameworks */,
				0D5E64CD1B001FD500EEB0E5 /* GLKit.framework in Frameworks */,
				0D5E64CB1B001FC700EEB0E5 /* CoreImage.framework in Frameworks */,
				0D3E41CB1A7EBFEB00FB756D /* Bluekai.framework in Frameworks */,
				0DD064571A6C37B900BA9139 /* AdSupport.framework in Frameworks */,
				0D5E65161B00FDB200EEB0E5 /* Chart2D.framework in Frameworks */,
			);
			runOnlyForDeploymentPostprocessing = 0;
		};
/* End PBXFrameworksBuildPhase section */

/* Begin PBXGroup section */
		0D3E41C91A7EBFB700FB756D /* Frameworks */ = {
			isa = PBXGroup;
			children = (
				0D5E65151B00FDB200EEB0E5 /* Chart2D.framework */,
				0D5E64CA1B001FC700EEB0E5 /* CoreImage.framework */,
				0D5E64CC1B001FD500EEB0E5 /* GLKit.framework */,
				0D5E64CE1B001FDD00EEB0E5 /* OpenGLES.framework */,
				0D5E64D01B001FE600EEB0E5 /* QuartzCore.framework */,
				0D5E64D21B001FEE00EEB0E5 /* UIKit.framework */,
				0D5E64D41B001FF700EEB0E5 /* Foundation.framework */,
				0D5E64D61B001FFF00EEB0E5 /* CoreGraphics.framework */,
				0D3E41CA1A7EBFEB00FB756D /* Bluekai.framework */,
				0DD064561A6C37B900BA9139 /* AdSupport.framework */,
			);
			name = Frameworks;
			sourceTree = "<group>";
		};
		0DD063D21A6B415300BA9139 = {
			isa = PBXGroup;
			children = (
				0D3E41C91A7EBFB700FB756D /* Frameworks */,
				0DD063DD1A6B415300BA9139 /* BluekaiDemo */,
				0DD063DC1A6B415300BA9139 /* Products */,
			);
			sourceTree = "<group>";
		};
		0DD063DC1A6B415300BA9139 /* Products */ = {
			isa = PBXGroup;
			children = (
				0DD063DB1A6B415300BA9139 /* BluekaiDemo.app */,
			);
			name = Products;
			sourceTree = "<group>";
		};
		0DD063DD1A6B415300BA9139 /* BluekaiDemo */ = {
			isa = PBXGroup;
			children = (
				0DB9158D1B0EEEEA00EB444A /* BKStorageManager.h */,
				0DB9158E1B0EEEEA00EB444A /* BKStorageManager.m */,
				0D87D4AE1AEC4D55006856A8 /* HTTPConnector.h */,
				0D87D4AF1AEC4D55006856A8 /* HTTPConnector.m */,
				0DAA86561B064CC70085AF40 /* BlueKai58 copy.png */,
				0DAA86571B064CC70085AF40 /* BlueKai80.png */,
				0DAA86581B064CC70085AF40 /* BlueKai87.png */,
				0DAA86591B064CC70085AF40 /* BlueKai120.png */,
				0DD0645E1A6C6A1100BA9139 /* bluekai.jpg */,
				0DD0645C1A6C6A0A00BA9139 /* BlueKai_1712415.png */,
				0DD063E21A6B415300BA9139 /* AppDelegate.h */,
				0DD063E31A6B415300BA9139 /* AppDelegate.m */,
				0DD063E51A6B415300BA9139 /* BluekaiIDVC.h */,
				0DD063E61A6B415300BA9139 /* BluekaiIDVC.m */,
				0DD063E81A6B415300BA9139 /* Main.storyboard */,
				0DD063EB1A6B415300BA9139 /* Images.xcassets */,
				0DD063ED1A6B415300BA9139 /* LaunchScreen.xib */,
				0DD063DE1A6B415300BA9139 /* Supporting Files */,
				0D87D4A41AEB5E4B006856A8 /* MainVC.h */,
				0D87D4A51AEB5E4B006856A8 /* MainVC.m */,
				0D87D4A91AEB5F47006856A8 /* BluekaiIDVC.xib */,
				0D87D4AB1AEC4C8D006856A8 /* StorageCommonVC.h */,
				0D87D4AC1AEC4C8D006856A8 /* StorageCommonVC.m */,
				0D87D4B11AEC538A006856A8 /* CategoryVC.h */,
				0D87D4B21AEC538A006856A8 /* CategoryVC.m */,
				0D87D4B31AEC538A006856A8 /* CategoryVC.xib */,
				0D87D4B61AEC6D7A006856A8 /* CampaignVC.h */,
				0D87D4B71AEC6D7A006856A8 /* CampaignVC.m */,
				0D87D4B81AEC6D7A006856A8 /* CampaignVC.xib */,
				0D87D4BB1AEC9754006856A8 /* CfrStatusVC.h */,
				0D87D4BC1AEC9754006856A8 /* CfrStatusVC.m */,
				0D87D4BD1AEC9754006856A8 /* CfrStatusVC.xib */,
				0DD406951AED7517004BE290 /* PartnerVC.h */,
				0DD406961AED7517004BE290 /* PartnerVC.m */,
				0DD406971AED7517004BE290 /* PartnerVC.xib */,
				0DD4069A1AEE017A004BE290 /* PartnerEntityVC.h */,
				0DD4069B1AEE017A004BE290 /* PartnerEntityVC.m */,
				0DD4069C1AEE017A004BE290 /* PartnerEntityVC.xib */,
				0D2F1EF61AFF170400379192 /* SiteVC.h */,
				0D2F1EF71AFF170400379192 /* SiteVC.m */,
				0D2F1EF81AFF170400379192 /* SiteVC.xib */,
				0D2F1EFB1AFF23B100379192 /* CampaignWinsVC.h */,
				0D2F1EFC1AFF23B100379192 /* CampaignWinsVC.m */,
				0D2F1EFD1AFF23B100379192 /* CampaignWinsVC.xib */,
				0D5E65171B01C4F800EEB0E5 /* SqlGraphView.h */,
				0D5E65181B01C4F800EEB0E5 /* SqlGraphView.m */,
				0D5E651A1B01CFB700EEB0E5 /* CFRGraphVC.h */,
				0D5E651B1B01CFB700EEB0E5 /* CFRGraphVC.m */,
				0D5E651C1B01CFB700EEB0E5 /* CFRGraphVC.xib */,
				0D30E0AC1B0D8F4600ECA455 /* OfflineGraphVC.h */,
				0D30E0AD1B0D8F4600ECA455 /* OfflineGraphVC.m */,
				0D30E0AE1B0D8F4600ECA455 /* OfflineGraphVC.xib */,
				0D91ADF61B0E278C00962383 /* DeliveryGraphVC.h */,
				0D91ADF71B0E278C00962383 /* DeliveryGraphVC.m */,
				0D91ADF81B0E278C00962383 /* DeliveryGraphVC.xib */,
			);
			path = BluekaiDemo;
			sourceTree = "<group>";
		};
		0DD063DE1A6B415300BA9139 /* Supporting Files */ = {
			isa = PBXGroup;
			children = (
				0DD063DF1A6B415300BA9139 /* Info.plist */,
				0DD063E01A6B415300BA9139 /* main.m */,
			);
			name = "Supporting Files";
			sourceTree = "<group>";
		};
/* End PBXGroup section */

/* Begin PBXNativeTarget section */
		0DD063DA1A6B415300BA9139 /* BluekaiDemo */ = {
			isa = PBXNativeTarget;
			buildConfigurationList = 0DD063FE1A6B415400BA9139 /* Build configuration list for PBXNativeTarget "BluekaiDemo" */;
			buildPhases = (
				0DD063D71A6B415300BA9139 /* Sources */,
				0DD063D81A6B415300BA9139 /* Frameworks */,
				0DD063D91A6B415300BA9139 /* Resources */,
			);
			buildRules = (
			);
			dependencies = (
			);
			name = BluekaiDemo;
			productName = BluekaiDemo;
			productReference = 0DD063DB1A6B415300BA9139 /* BluekaiDemo.app */;
			productType = "com.apple.product-type.application";
		};
/* End PBXNativeTarget section */

/* Begin PBXProject section */
		0DD063D31A6B415300BA9139 /* Project object */ = {
			isa = PBXProject;
			attributes = {
				LastUpgradeCheck = 0610;
				ORGANIZATIONNAME = Oracle;
				TargetAttributes = {
					0DD063DA1A6B415300BA9139 = {
						CreatedOnToolsVersion = 6.1.1;
						DevelopmentTeam = VYAKS7W7VC;
					};
				};
			};
			buildConfigurationList = 0DD063D61A6B415300BA9139 /* Build configuration list for PBXProject "BluekaiDemo" */;
			compatibilityVersion = "Xcode 3.2";
			developmentRegion = English;
			hasScannedForEncodings = 0;
			knownRegions = (
				en,
				Base,
			);
			mainGroup = 0DD063D21A6B415300BA9139;
			productRefGroup = 0DD063DC1A6B415300BA9139 /* Products */;
			projectDirPath = "";
			projectRoot = "";
			targets = (
				0DD063DA1A6B415300BA9139 /* BluekaiDemo */,
			);
		};
/* End PBXProject section */

/* Begin PBXResourcesBuildPhase section */
		0DD063D91A6B415300BA9139 /* Resources */ = {
			isa = PBXResourcesBuildPhase;
			buildActionMask = 2147483647;
			files = (
				0D87D4BA1AEC6D7A006856A8 /* CampaignVC.xib in Resources */,
				0DAA865B1B064CC70085AF40 /* BlueKai80.png in Resources */,
				0DAA865A1B064CC70085AF40 /* BlueKai58 copy.png in Resources */,
				0D2F1EFA1AFF170400379192 /* SiteVC.xib in Resources */,
				0DD406991AED7517004BE290 /* PartnerVC.xib in Resources */,
				0DD063EA1A6B415300BA9139 /* Main.storyboard in Resources */,
				0DD0645F1A6C6A1100BA9139 /* bluekai.jpg in Resources */,
				0DD063EF1A6B415300BA9139 /* LaunchScreen.xib in Resources */,
				0D5E651E1B01CFB700EEB0E5 /* CFRGraphVC.xib in Resources */,
				0D87D4AA1AEB5F47006856A8 /* BluekaiIDVC.xib in Resources */,
				0D87D4BF1AEC9754006856A8 /* CfrStatusVC.xib in Resources */,
				0DD063EC1A6B415300BA9139 /* Images.xcassets in Resources */,
				0DAA865D1B064CC70085AF40 /* BlueKai120.png in Resources */,
				0D2F1EFF1AFF23B100379192 /* CampaignWinsVC.xib in Resources */,
				0DAA865C1B064CC70085AF40 /* BlueKai87.png in Resources */,
				0D91ADFA1B0E278C00962383 /* DeliveryGraphVC.xib in Resources */,
				0DD4069E1AEE017A004BE290 /* PartnerEntityVC.xib in Resources */,
				0DD0645D1A6C6A0A00BA9139 /* BlueKai_1712415.png in Resources */,
				0D30E0B01B0D8F4600ECA455 /* OfflineGraphVC.xib in Resources */,
				0D87D4B51AEC538A006856A8 /* CategoryVC.xib in Resources */,
			);
			runOnlyForDeploymentPostprocessing = 0;
		};
/* End PBXResourcesBuildPhase section */

/* Begin PBXSourcesBuildPhase section */
		0DD063D71A6B415300BA9139 /* Sources */ = {
			isa = PBXSourcesBuildPhase;
			buildActionMask = 2147483647;
			files = (
				0D87D4B91AEC6D7A006856A8 /* CampaignVC.m in Sources */,
				0DB9158F1B0EEEEA00EB444A /* BKStorageManager.m in Sources */,
				0D87D4AD1AEC4C8D006856A8 /* StorageCommonVC.m in Sources */,
				0DD063E71A6B415300BA9139 /* BluekaiIDVC.m in Sources */,
				0DD406981AED7517004BE290 /* PartnerVC.m in Sources */,
				0D2F1EFE1AFF23B100379192 /* CampaignWinsVC.m in Sources */,
				0DD4069D1AEE017A004BE290 /* PartnerEntityVC.m in Sources */,
				0D87D4A71AEB5E4B006856A8 /* MainVC.m in Sources */,
				0D5E651D1B01CFB700EEB0E5 /* CFRGraphVC.m in Sources */,
				0D87D4B01AEC4D55006856A8 /* HTTPConnector.m in Sources */,
				0D91ADF91B0E278C00962383 /* DeliveryGraphVC.m in Sources */,
				0D30E0AF1B0D8F4600ECA455 /* OfflineGraphVC.m in Sources */,
				0D5E65191B01C4F800EEB0E5 /* SqlGraphView.m in Sources */,
				0D87D4BE1AEC9754006856A8 /* CfrStatusVC.m in Sources */,
				0D87D4B41AEC538A006856A8 /* CategoryVC.m in Sources */,
				0D2F1EF91AFF170400379192 /* SiteVC.m in Sources */,
				0DD063E41A6B415300BA9139 /* AppDelegate.m in Sources */,
				0DD063E11A6B415300BA9139 /* main.m in Sources */,
			);
			runOnlyForDeploymentPostprocessing = 0;
		};
/* End PBXSourcesBuildPhase section */

/* Begin PBXVariantGroup section */
		0DD063E81A6B415300BA9139 /* Main.storyboard */ = {
			isa = PBXVariantGroup;
			children = (
				0DD063E91A6B415300BA9139 /* Base */,
			);
			name = Main.storyboard;
			sourceTree = "<group>";
		};
		0DD063ED1A6B415300BA9139 /* LaunchScreen.xib */ = {
			isa = PBXVariantGroup;
			children = (
				0DD063EE1A6B415300BA9139 /* Base */,
			);
			name = LaunchScreen.xib;
			sourceTree = "<group>";
		};
/* End PBXVariantGroup section */

/* Begin XCBuildConfiguration section */
		0DD063FC1A6B415400BA9139 /* Debug */ = {
			isa = XCBuildConfiguration;
			buildSettings = {
				ALWAYS_SEARCH_USER_PATHS = NO;
				CLANG_CXX_LANGUAGE_STANDARD = "gnu++0x";
				CLANG_CXX_LIBRARY = "libc++";
				CLANG_ENABLE_MODULES = YES;
				CLANG_ENABLE_OBJC_ARC = YES;
				CLANG_WARN_BOOL_CONVERSION = YES;
				CLANG_WARN_CONSTANT_CONVERSION = YES;
				CLANG_WARN_DIRECT_OBJC_ISA_USAGE = YES_ERROR;
				CLANG_WARN_EMPTY_BODY = YES;
				CLANG_WARN_ENUM_CONVERSION = YES;
				CLANG_WARN_INT_CONVERSION = YES;
				CLANG_WARN_OBJC_ROOT_CLASS = YES_ERROR;
				CLANG_WARN_UNREACHABLE_CODE = YES;
				CLANG_WARN__DUPLICATE_METHOD_MATCH = YES;
				"CODE_SIGN_IDENTITY[sdk=iphoneos*]" = "iPhone Developer";
				COPY_PHASE_STRIP = NO;
				ENABLE_STRICT_OBJC_MSGSEND = YES;
				GCC_C_LANGUAGE_STANDARD = gnu99;
				GCC_DYNAMIC_NO_PIC = NO;
				GCC_OPTIMIZATION_LEVEL = 0;
				GCC_PREPROCESSOR_DEFINITIONS = (
					"DEBUG=1",
					"$(inherited)",
				);
				GCC_SYMBOLS_PRIVATE_EXTERN = NO;
				GCC_WARN_64_TO_32_BIT_CONVERSION = YES;
				GCC_WARN_ABOUT_RETURN_TYPE = YES_ERROR;
				GCC_WARN_UNDECLARED_SELECTOR = YES;
				GCC_WARN_UNINITIALIZED_AUTOS = YES_AGGRESSIVE;
				GCC_WARN_UNUSED_FUNCTION = YES;
				GCC_WARN_UNUSED_VARIABLE = YES;
				IPHONEOS_DEPLOYMENT_TARGET = 8.3;
				MTL_ENABLE_DEBUG_INFO = YES;
				ONLY_ACTIVE_ARCH = YES;
				SDKROOT = iphoneos;
			};
			name = Debug;
		};
		0DD063FD1A6B415400BA9139 /* Release */ = {
			isa = XCBuildConfiguration;
			buildSettings = {
				ALWAYS_SEARCH_USER_PATHS = NO;
				CLANG_CXX_LANGUAGE_STANDARD = "gnu++0x";
				CLANG_CXX_LIBRARY = "libc++";
				CLANG_ENABLE_MODULES = YES;
				CLANG_ENABLE_OBJC_ARC = YES;
				CLANG_WARN_BOOL_CONVERSION = YES;
				CLANG_WARN_CONSTANT_CONVERSION = YES;
				CLANG_WARN_DIRECT_OBJC_ISA_USAGE = YES_ERROR;
				CLANG_WARN_EMPTY_BODY = YES;
				CLANG_WARN_ENUM_CONVERSION = YES;
				CLANG_WARN_INT_CONVERSION = YES;
				CLANG_WARN_OBJC_ROOT_CLASS = YES_ERROR;
				CLANG_WARN_UNREACHABLE_CODE = YES;
				CLANG_WARN__DUPLICATE_METHOD_MATCH = YES;
				"CODE_SIGN_IDENTITY[sdk=iphoneos*]" = "iPhone Developer";
				COPY_PHASE_STRIP = YES;
				ENABLE_NS_ASSERTIONS = NO;
				ENABLE_STRICT_OBJC_MSGSEND = YES;
				GCC_C_LANGUAGE_STANDARD = gnu99;
				GCC_WARN_64_TO_32_BIT_CONVERSION = YES;
				GCC_WARN_ABOUT_RETURN_TYPE = YES_ERROR;
				GCC_WARN_UNDECLARED_SELECTOR = YES;
				GCC_WARN_UNINITIALIZED_AUTOS = YES_AGGRESSIVE;
				GCC_WARN_UNUSED_FUNCTION = YES;
				GCC_WARN_UNUSED_VARIABLE = YES;
				IPHONEOS_DEPLOYMENT_TARGET = 8.3;
				MTL_ENABLE_DEBUG_INFO = NO;
				ONLY_ACTIVE_ARCH = YES;
				SDKROOT = iphoneos;
				VALIDATE_PRODUCT = YES;
			};
			name = Release;
		};
		0DD063FF1A6B415400BA9139 /* Debug */ = {
			isa = XCBuildConfiguration;
			buildSettings = {
				ASSETCATALOG_COMPILER_APPICON_NAME = AppIcon;
				CODE_SIGN_IDENTITY = "iPhone Developer: Anping Wang (J42W3G8YTA)";
				"CODE_SIGN_IDENTITY[sdk=iphoneos*]" = "iPhone Developer: Anping Wang (J42W3G8YTA)";
				FRAMEWORK_SEARCH_PATHS = (
					"$(inherited)",
					"$(USER_LIBRARY_DIR)/Mobile",
					"$(PROJECT_DIR)/../Bluekai",
					"$(PROJECT_DIR)/**",
					"$(PROJECT_DIR)",
					/Users/anpwang/Documents/github/sixstreams/dependency,
				);
				INFOPLIST_FILE = BluekaiDemo/Info.plist;
				LD_RUNPATH_SEARCH_PATHS = "$(inherited) @executable_path/Frameworks";
				ONLY_ACTIVE_ARCH = NO;
				PRODUCT_NAME = BluekaiDemo;
				PROVISIONING_PROFILE = "337b053b-a7af-4d25-8910-20f7b787cf60";
			};
			name = Debug;
		};
		0DD064001A6B415400BA9139 /* Release */ = {
			isa = XCBuildConfiguration;
			buildSettings = {
				ASSETCATALOG_COMPILER_APPICON_NAME = AppIcon;
				CODE_SIGN_IDENTITY = "iPhone Developer: Anping Wang (J42W3G8YTA)";
				"CODE_SIGN_IDENTITY[sdk=iphoneos*]" = "iPhone Developer: Anping Wang (J42W3G8YTA)";
				FRAMEWORK_SEARCH_PATHS = (
					"$(inherited)",
					"$(USER_LIBRARY_DIR)/Mobile",
					"$(PROJECT_DIR)/../Bluekai",
					"$(PROJECT_DIR)/**",
					"$(PROJECT_DIR)",
					/Users/anpwang/Documents/github/sixstreams/dependency,
				);
				INFOPLIST_FILE = BluekaiDemo/Info.plist;
				LD_RUNPATH_SEARCH_PATHS = "$(inherited) @executable_path/Frameworks";
				ONLY_ACTIVE_ARCH = NO;
				PRODUCT_NAME = BluekaiDemo;
				PROVISIONING_PROFILE = "337b053b-a7af-4d25-8910-20f7b787cf60";
			};
			name = Release;
		};
/* End XCBuildConfiguration section */

/* Begin XCConfigurationList section */
		0DD063D61A6B415300BA9139 /* Build configuration list for PBXProject "BluekaiDemo" */ = {
			isa = XCConfigurationList;
			buildConfigurations = (
				0DD063FC1A6B415400BA9139 /* Debug */,
				0DD063FD1A6B415400BA9139 /* Release */,
			);
			defaultConfigurationIsVisible = 0;
			defaultConfigurationName = Release;
		};
		0DD063FE1A6B415400BA9139 /* Build configuration list for PBXNativeTarget "BluekaiDemo" */ = {
			isa = XCConfigurationList;
			buildConfigurations = (
				0DD063FF1A6B415400BA9139 /* Debug */,
				0DD064001A6B415400BA9139 /* Release */,
			);
			defaultConfigurationIsVisible = 0;
			defaultConfigurationName = Release;
		};
/* End XCConfigurationList section */
	};
	rootObject = 0DD063D31A6B415300BA9139 /* Project object */;
}
