// !$*UTF8*$!
{
	archiveVersion = 1;
	classes = {
	};
	objectVersion = 46;
	objects = {

/* Begin PBXBuildFile section */
		0D49B2441B5B299100947DF4 /* ChartModel.swift in Sources */ = {isa = PBXBuildFile; fileRef = 0D49B2431B5B299100947DF4 /* ChartModel.swift */; };
		0D49B24A1B5B3A2300947DF4 /* ChartField.swift in Sources */ = {isa = PBXBuildFile; fileRef = 0D49B2491B5B3A2300947DF4 /* ChartField.swift */; };
		0D49B24C1B5BED6200947DF4 /* AggregatedValue.swift in Sources */ = {isa = PBXBuildFile; fileRef = 0D49B24B1B5BED6200947DF4 /* AggregatedValue.swift */; };
		0D49B24E1B5BF4E300947DF4 /* ChartValue.swift in Sources */ = {isa = PBXBuildFile; fileRef = 0D49B24D1B5BF4E300947DF4 /* ChartValue.swift */; };
		0D5C01511B9E141200ECEFA2 /* TickTock.swift in Sources */ = {isa = PBXBuildFile; fileRef = 0D5C01501B9E141200ECEFA2 /* TickTock.swift */; };
		0D5C01531B9E372400ECEFA2 /* QuartzCore.framework in Frameworks */ = {isa = PBXBuildFile; fileRef = 0D5C01521B9E372400ECEFA2 /* QuartzCore.framework */; };
		0D5C01551B9E4EC300ECEFA2 /* Dimension.swift in Sources */ = {isa = PBXBuildFile; fileRef = 0D5C01541B9E4EC300ECEFA2 /* Dimension.swift */; };
		0D5C01591B9E644F00ECEFA2 /* DimensionValue.swift in Sources */ = {isa = PBXBuildFile; fileRef = 0D5C01581B9E644F00ECEFA2 /* DimensionValue.swift */; };
		0D5C015B1B9EADD200ECEFA2 /* Measure.swift in Sources */ = {isa = PBXBuildFile; fileRef = 0D5C015A1B9EADD200ECEFA2 /* Measure.swift */; };
		0D5C015D1B9EB27D00ECEFA2 /* DateDimension.swift in Sources */ = {isa = PBXBuildFile; fileRef = 0D5C015C1B9EB27D00ECEFA2 /* DateDimension.swift */; };
		0D5C01611B9EB33D00ECEFA2 /* DateDimensionValue.swift in Sources */ = {isa = PBXBuildFile; fileRef = 0D5C01601B9EB33D00ECEFA2 /* DateDimensionValue.swift */; };
		0D5C01631B9EB39D00ECEFA2 /* SingleDimensionValue.swift in Sources */ = {isa = PBXBuildFile; fileRef = 0D5C01621B9EB39D00ECEFA2 /* SingleDimensionValue.swift */; };
		0D63478B1B9B9BF7003EA2AE /* DimensionalChart.swift in Sources */ = {isa = PBXBuildFile; fileRef = 0D63478A1B9B9BF7003EA2AE /* DimensionalChart.swift */; };
		0D63478F1B9CB486003EA2AE /* RowChartView.swift in Sources */ = {isa = PBXBuildFile; fileRef = 0D63478E1B9CB486003EA2AE /* RowChartView.swift */; };
		0D97F62E1B49CD9F002C6DF9 /* AppDelegate.swift in Sources */ = {isa = PBXBuildFile; fileRef = 0D97F62D1B49CD9F002C6DF9 /* AppDelegate.swift */; };
		0D97F6301B49CD9F002C6DF9 /* TapChartVisualVC.swift in Sources */ = {isa = PBXBuildFile; fileRef = 0D97F62F1B49CD9F002C6DF9 /* TapChartVisualVC.swift */; };
		0D97F6321B49CD9F002C6DF9 /* VisualViewVC.swift in Sources */ = {isa = PBXBuildFile; fileRef = 0D97F6311B49CD9F002C6DF9 /* VisualViewVC.swift */; };
		0D97F6351B49CD9F002C6DF9 /* Main.storyboard in Resources */ = {isa = PBXBuildFile; fileRef = 0D97F6331B49CD9F002C6DF9 /* Main.storyboard */; };
		0D97F6371B49CD9F002C6DF9 /* Images.xcassets in Resources */ = {isa = PBXBuildFile; fileRef = 0D97F6361B49CD9F002C6DF9 /* Images.xcassets */; };
		0D97F63A1B49CD9F002C6DF9 /* LaunchScreen.xib in Resources */ = {isa = PBXBuildFile; fileRef = 0D97F6381B49CD9F002C6DF9 /* LaunchScreen.xib */; };
		0D97F6461B49CDA0002C6DF9 /* SqlTapVisualTests.swift in Sources */ = {isa = PBXBuildFile; fileRef = 0D97F6451B49CDA0002C6DF9 /* SqlTapVisualTests.swift */; };
		0D97F65C1B49CE28002C6DF9 /* CacheManager.swift in Sources */ = {isa = PBXBuildFile; fileRef = 0D97F64F1B49CE28002C6DF9 /* CacheManager.swift */; };
		0D97F6641B49CE28002C6DF9 /* RestulDataSource.swift in Sources */ = {isa = PBXBuildFile; fileRef = 0D97F6571B49CE28002C6DF9 /* RestulDataSource.swift */; };
		0D97F6651B49CE28002C6DF9 /* RestfulDataVC.swift in Sources */ = {isa = PBXBuildFile; fileRef = 0D97F6581B49CE28002C6DF9 /* RestfulDataVC.swift */; };
		0D97F6681B49CE28002C6DF9 /* ChartView.swift in Sources */ = {isa = PBXBuildFile; fileRef = 0D97F65B1B49CE28002C6DF9 /* ChartView.swift */; };
		0D97F6701B49DCFF002C6DF9 /* ChartMainVC.swift in Sources */ = {isa = PBXBuildFile; fileRef = 0D97F66E1B49DCFF002C6DF9 /* ChartMainVC.swift */; };
		0D97F6731B49E745002C6DF9 /* ChartTableViewCell.swift in Sources */ = {isa = PBXBuildFile; fileRef = 0D97F6721B49E745002C6DF9 /* ChartTableViewCell.swift */; };
		0D97F6771B4AE24C002C6DF9 /* VisualizationModel.swift in Sources */ = {isa = PBXBuildFile; fileRef = 0D97F6761B4AE24C002C6DF9 /* VisualizationModel.swift */; };
		0DA62D0B1B9B78A60043705A /* salesSampleData.json in Resources */ = {isa = PBXBuildFile; fileRef = 0DA62D0A1B9B78A60043705A /* salesSampleData.json */; };
		0DBC63F31B7FA46D00B20640 /* StaticDataSource.swift in Sources */ = {isa = PBXBuildFile; fileRef = 0DBC63F21B7FA46D00B20640 /* StaticDataSource.swift */; };
		0DCE6FBF1BA334DD00C7EBB8 /* Chart2D.framework in Frameworks */ = {isa = PBXBuildFile; fileRef = 0DCE6FBE1BA334DD00C7EBB8 /* Chart2D.framework */; };
		0DCE6FC11BA46BAC00C7EBB8 /* Filter.swift in Sources */ = {isa = PBXBuildFile; fileRef = 0DCE6FC01BA46BAC00C7EBB8 /* Filter.swift */; };
		0DCE6FC41BA4A31200C7EBB8 /* PopoverGenericVC.swift in Sources */ = {isa = PBXBuildFile; fileRef = 0DCE6FC21BA4A31200C7EBB8 /* PopoverGenericVC.swift */; };
		0DCE6FC51BA4A31200C7EBB8 /* PopoverGenericVC.xib in Resources */ = {isa = PBXBuildFile; fileRef = 0DCE6FC31BA4A31200C7EBB8 /* PopoverGenericVC.xib */; };
		0DCE6FC81BA4BB4100C7EBB8 /* MeasureConfigVC.swift in Sources */ = {isa = PBXBuildFile; fileRef = 0DCE6FC61BA4BB4100C7EBB8 /* MeasureConfigVC.swift */; };
		0DCE6FC91BA4BB4100C7EBB8 /* MeasureConfigVC.xib in Resources */ = {isa = PBXBuildFile; fileRef = 0DCE6FC71BA4BB4100C7EBB8 /* MeasureConfigVC.xib */; };
		0DCE6FCC1BA4BB5F00C7EBB8 /* DimensionConfigVC.swift in Sources */ = {isa = PBXBuildFile; fileRef = 0DCE6FCA1BA4BB5F00C7EBB8 /* DimensionConfigVC.swift */; };
		0DCE6FCD1BA4BB5F00C7EBB8 /* DimensionConfigVC.xib in Resources */ = {isa = PBXBuildFile; fileRef = 0DCE6FCB1BA4BB5F00C7EBB8 /* DimensionConfigVC.xib */; };
		0DCE6FCF1BA4DBB800C7EBB8 /* DragableViewModel.swift in Sources */ = {isa = PBXBuildFile; fileRef = 0DCE6FCE1BA4DBB800C7EBB8 /* DragableViewModel.swift */; };
		0DCE6FD31BA516DB00C7EBB8 /* DroppableView.swift in Sources */ = {isa = PBXBuildFile; fileRef = 0DCE6FD21BA516DB00C7EBB8 /* DroppableView.swift */; };
		0DCE6FD51BA7784F00C7EBB8 /* ColorContainerView.swift in Sources */ = {isa = PBXBuildFile; fileRef = 0DCE6FD41BA7784F00C7EBB8 /* ColorContainerView.swift */; };
		0DD213F81B53758C005616B3 /* DragableCellModel.swift in Sources */ = {isa = PBXBuildFile; fileRef = 0DD213F71B53758C005616B3 /* DragableCellModel.swift */; };
/* End PBXBuildFile section */

/* Begin PBXContainerItemProxy section */
		0D97F6401B49CDA0002C6DF9 /* PBXContainerItemProxy */ = {
			isa = PBXContainerItemProxy;
			containerPortal = 0D97F6201B49CD9F002C6DF9 /* Project object */;
			proxyType = 1;
			remoteGlobalIDString = 0D97F6271B49CD9F002C6DF9;
			remoteInfo = SqlTapVisual;
		};
/* End PBXContainerItemProxy section */

/* Begin PBXFileReference section */
		0D49B2431B5B299100947DF4 /* ChartModel.swift */ = {isa = PBXFileReference; fileEncoding = 4; lastKnownFileType = sourcecode.swift; path = ChartModel.swift; sourceTree = "<group>"; };
		0D49B2491B5B3A2300947DF4 /* ChartField.swift */ = {isa = PBXFileReference; fileEncoding = 4; lastKnownFileType = sourcecode.swift; path = ChartField.swift; sourceTree = "<group>"; };
		0D49B24B1B5BED6200947DF4 /* AggregatedValue.swift */ = {isa = PBXFileReference; fileEncoding = 4; lastKnownFileType = sourcecode.swift; path = AggregatedValue.swift; sourceTree = "<group>"; };
		0D49B24D1B5BF4E300947DF4 /* ChartValue.swift */ = {isa = PBXFileReference; fileEncoding = 4; lastKnownFileType = sourcecode.swift; path = ChartValue.swift; sourceTree = "<group>"; };
		0D5C01501B9E141200ECEFA2 /* TickTock.swift */ = {isa = PBXFileReference; fileEncoding = 4; lastKnownFileType = sourcecode.swift; path = TickTock.swift; sourceTree = "<group>"; };
		0D5C01521B9E372400ECEFA2 /* QuartzCore.framework */ = {isa = PBXFileReference; lastKnownFileType = wrapper.framework; name = QuartzCore.framework; path = System/Library/Frameworks/QuartzCore.framework; sourceTree = SDKROOT; };
		0D5C01541B9E4EC300ECEFA2 /* Dimension.swift */ = {isa = PBXFileReference; fileEncoding = 4; lastKnownFileType = sourcecode.swift; path = Dimension.swift; sourceTree = "<group>"; };
		0D5C01581B9E644F00ECEFA2 /* DimensionValue.swift */ = {isa = PBXFileReference; fileEncoding = 4; lastKnownFileType = sourcecode.swift; path = DimensionValue.swift; sourceTree = "<group>"; };
		0D5C015A1B9EADD200ECEFA2 /* Measure.swift */ = {isa = PBXFileReference; fileEncoding = 4; lastKnownFileType = sourcecode.swift; name = Measure.swift; path = SqlTapVisual/Measure.swift; sourceTree = "<group>"; };
		0D5C015C1B9EB27D00ECEFA2 /* DateDimension.swift */ = {isa = PBXFileReference; fileEncoding = 4; lastKnownFileType = sourcecode.swift; path = DateDimension.swift; sourceTree = "<group>"; };
		0D5C01601B9EB33D00ECEFA2 /* DateDimensionValue.swift */ = {isa = PBXFileReference; fileEncoding = 4; lastKnownFileType = sourcecode.swift; path = DateDimensionValue.swift; sourceTree = "<group>"; };
		0D5C01621B9EB39D00ECEFA2 /* SingleDimensionValue.swift */ = {isa = PBXFileReference; fileEncoding = 4; lastKnownFileType = sourcecode.swift; path = SingleDimensionValue.swift; sourceTree = "<group>"; };
		0D63478A1B9B9BF7003EA2AE /* DimensionalChart.swift */ = {isa = PBXFileReference; fileEncoding = 4; lastKnownFileType = sourcecode.swift; path = DimensionalChart.swift; sourceTree = "<group>"; };
		0D63478E1B9CB486003EA2AE /* RowChartView.swift */ = {isa = PBXFileReference; fileEncoding = 4; lastKnownFileType = sourcecode.swift; path = RowChartView.swift; sourceTree = "<group>"; };
		0D97F6281B49CD9F002C6DF9 /* SqlTapVisual.app */ = {isa = PBXFileReference; explicitFileType = wrapper.application; includeInIndex = 0; path = SqlTapVisual.app; sourceTree = BUILT_PRODUCTS_DIR; };
		0D97F62C1B49CD9F002C6DF9 /* Info.plist */ = {isa = PBXFileReference; lastKnownFileType = text.plist.xml; path = Info.plist; sourceTree = "<group>"; };
		0D97F62D1B49CD9F002C6DF9 /* AppDelegate.swift */ = {isa = PBXFileReference; lastKnownFileType = sourcecode.swift; path = AppDelegate.swift; sourceTree = "<group>"; };
		0D97F62F1B49CD9F002C6DF9 /* TapChartVisualVC.swift */ = {isa = PBXFileReference; lastKnownFileType = sourcecode.swift; path = TapChartVisualVC.swift; sourceTree = "<group>"; };
		0D97F6311B49CD9F002C6DF9 /* VisualViewVC.swift */ = {isa = PBXFileReference; lastKnownFileType = sourcecode.swift; path = VisualViewVC.swift; sourceTree = "<group>"; };
		0D97F6341B49CD9F002C6DF9 /* Base */ = {isa = PBXFileReference; lastKnownFileType = file.storyboard; name = Base; path = Base.lproj/Main.storyboard; sourceTree = "<group>"; };
		0D97F6361B49CD9F002C6DF9 /* Images.xcassets */ = {isa = PBXFileReference; lastKnownFileType = folder.assetcatalog; path = Images.xcassets; sourceTree = "<group>"; };
		0D97F6391B49CD9F002C6DF9 /* Base */ = {isa = PBXFileReference; lastKnownFileType = file.xib; name = Base; path = Base.lproj/LaunchScreen.xib; sourceTree = "<group>"; };
		0D97F63F1B49CDA0002C6DF9 /* SqlTapVisualTests.xctest */ = {isa = PBXFileReference; explicitFileType = wrapper.cfbundle; includeInIndex = 0; path = SqlTapVisualTests.xctest; sourceTree = BUILT_PRODUCTS_DIR; };
		0D97F6441B49CDA0002C6DF9 /* Info.plist */ = {isa = PBXFileReference; lastKnownFileType = text.plist.xml; path = Info.plist; sourceTree = "<group>"; };
		0D97F6451B49CDA0002C6DF9 /* SqlTapVisualTests.swift */ = {isa = PBXFileReference; lastKnownFileType = sourcecode.swift; path = SqlTapVisualTests.swift; sourceTree = "<group>"; };
		0D97F64F1B49CE28002C6DF9 /* CacheManager.swift */ = {isa = PBXFileReference; fileEncoding = 4; lastKnownFileType = sourcecode.swift; name = CacheManager.swift; path = ../Monitor/Monitor/CacheManager.swift; sourceTree = "<group>"; };
		0D97F6571B49CE28002C6DF9 /* RestulDataSource.swift */ = {isa = PBXFileReference; fileEncoding = 4; lastKnownFileType = sourcecode.swift; name = RestulDataSource.swift; path = ../Monitor/Monitor/RestulDataSource.swift; sourceTree = "<group>"; };
		0D97F6581B49CE28002C6DF9 /* RestfulDataVC.swift */ = {isa = PBXFileReference; fileEncoding = 4; lastKnownFileType = sourcecode.swift; name = RestfulDataVC.swift; path = ../Monitor/Monitor/RestfulDataVC.swift; sourceTree = "<group>"; };
		0D97F65B1B49CE28002C6DF9 /* ChartView.swift */ = {isa = PBXFileReference; fileEncoding = 4; lastKnownFileType = sourcecode.swift; name = ChartView.swift; path = ../Monitor/Monitor/ChartView.swift; sourceTree = "<group>"; };
		0D97F66E1B49DCFF002C6DF9 /* ChartMainVC.swift */ = {isa = PBXFileReference; fileEncoding = 4; lastKnownFileType = sourcecode.swift; path = ChartMainVC.swift; sourceTree = "<group>"; };
		0D97F6721B49E745002C6DF9 /* ChartTableViewCell.swift */ = {isa = PBXFileReference; fileEncoding = 4; lastKnownFileType = sourcecode.swift; path = ChartTableViewCell.swift; sourceTree = "<group>"; };
		0D97F6761B4AE24C002C6DF9 /* VisualizationModel.swift */ = {isa = PBXFileReference; fileEncoding = 4; lastKnownFileType = sourcecode.swift; path = VisualizationModel.swift; sourceTree = "<group>"; };
		0DA62D0A1B9B78A60043705A /* salesSampleData.json */ = {isa = PBXFileReference; fileEncoding = 4; lastKnownFileType = text.json; path = salesSampleData.json; sourceTree = "<group>"; };
		0DBC63F21B7FA46D00B20640 /* StaticDataSource.swift */ = {isa = PBXFileReference; fileEncoding = 4; lastKnownFileType = sourcecode.swift; path = StaticDataSource.swift; sourceTree = "<group>"; };
		0DCE6FBE1BA334DD00C7EBB8 /* Chart2D.framework */ = {isa = PBXFileReference; lastKnownFileType = wrapper.framework; name = Chart2D.framework; path = ../../dependency/Chart2D.framework; sourceTree = "<group>"; };
		0DCE6FC01BA46BAC00C7EBB8 /* Filter.swift */ = {isa = PBXFileReference; fileEncoding = 4; lastKnownFileType = sourcecode.swift; path = Filter.swift; sourceTree = "<group>"; };
		0DCE6FC21BA4A31200C7EBB8 /* PopoverGenericVC.swift */ = {isa = PBXFileReference; fileEncoding = 4; lastKnownFileType = sourcecode.swift; name = PopoverGenericVC.swift; path = ../PopoverGenericVC.swift; sourceTree = "<group>"; };
		0DCE6FC31BA4A31200C7EBB8 /* PopoverGenericVC.xib */ = {isa = PBXFileReference; fileEncoding = 4; lastKnownFileType = file.xib; name = PopoverGenericVC.xib; path = ../PopoverGenericVC.xib; sourceTree = "<group>"; };
		0DCE6FC61BA4BB4100C7EBB8 /* MeasureConfigVC.swift */ = {isa = PBXFileReference; fileEncoding = 4; lastKnownFileType = sourcecode.swift; name = MeasureConfigVC.swift; path = ../MeasureConfigVC.swift; sourceTree = "<group>"; };
		0DCE6FC71BA4BB4100C7EBB8 /* MeasureConfigVC.xib */ = {isa = PBXFileReference; fileEncoding = 4; lastKnownFileType = file.xib; name = MeasureConfigVC.xib; path = ../MeasureConfigVC.xib; sourceTree = "<group>"; };
		0DCE6FCA1BA4BB5F00C7EBB8 /* DimensionConfigVC.swift */ = {isa = PBXFileReference; fileEncoding = 4; lastKnownFileType = sourcecode.swift; name = DimensionConfigVC.swift; path = ../DimensionConfigVC.swift; sourceTree = "<group>"; };
		0DCE6FCB1BA4BB5F00C7EBB8 /* DimensionConfigVC.xib */ = {isa = PBXFileReference; fileEncoding = 4; lastKnownFileType = file.xib; name = DimensionConfigVC.xib; path = ../DimensionConfigVC.xib; sourceTree = "<group>"; };
		0DCE6FCE1BA4DBB800C7EBB8 /* DragableViewModel.swift */ = {isa = PBXFileReference; fileEncoding = 4; lastKnownFileType = sourcecode.swift; path = DragableViewModel.swift; sourceTree = "<group>"; };
		0DCE6FD21BA516DB00C7EBB8 /* DroppableView.swift */ = {isa = PBXFileReference; fileEncoding = 4; lastKnownFileType = sourcecode.swift; path = DroppableView.swift; sourceTree = "<group>"; };
		0DCE6FD41BA7784F00C7EBB8 /* ColorContainerView.swift */ = {isa = PBXFileReference; fileEncoding = 4; lastKnownFileType = sourcecode.swift; path = ColorContainerView.swift; sourceTree = "<group>"; };
		0DD213F71B53758C005616B3 /* DragableCellModel.swift */ = {isa = PBXFileReference; fileEncoding = 4; lastKnownFileType = sourcecode.swift; path = DragableCellModel.swift; sourceTree = "<group>"; };
/* End PBXFileReference section */

/* Begin PBXFrameworksBuildPhase section */
		0D97F6251B49CD9F002C6DF9 /* Frameworks */ = {
			isa = PBXFrameworksBuildPhase;
			buildActionMask = 2147483647;
			files = (
				0DCE6FBF1BA334DD00C7EBB8 /* Chart2D.framework in Frameworks */,
				0D5C01531B9E372400ECEFA2 /* QuartzCore.framework in Frameworks */,
			);
			runOnlyForDeploymentPostprocessing = 0;
		};
		0D97F63C1B49CDA0002C6DF9 /* Frameworks */ = {
			isa = PBXFrameworksBuildPhase;
			buildActionMask = 2147483647;
			files = (
			);
			runOnlyForDeploymentPostprocessing = 0;
		};
/* End PBXFrameworksBuildPhase section */

/* Begin PBXGroup section */
		0D97F61F1B49CD9F002C6DF9 = {
			isa = PBXGroup;
			children = (
				0DCE6FBE1BA334DD00C7EBB8 /* Chart2D.framework */,
				0D5C01521B9E372400ECEFA2 /* QuartzCore.framework */,
				0D97F6691B49CE66002C6DF9 /* DBVC */,
				0D97F62A1B49CD9F002C6DF9 /* SqlTapVisual */,
				0D97F6421B49CDA0002C6DF9 /* SqlTapVisualTests */,
				0D97F6291B49CD9F002C6DF9 /* Products */,
			);
			sourceTree = "<group>";
		};
		0D97F6291B49CD9F002C6DF9 /* Products */ = {
			isa = PBXGroup;
			children = (
				0D97F6281B49CD9F002C6DF9 /* SqlTapVisual.app */,
				0D97F63F1B49CDA0002C6DF9 /* SqlTapVisualTests.xctest */,
			);
			name = Products;
			sourceTree = "<group>";
		};
		0D97F62A1B49CD9F002C6DF9 /* SqlTapVisual */ = {
			isa = PBXGroup;
			children = (
				0DCE6FC31BA4A31200C7EBB8 /* PopoverGenericVC.xib */,
				0DCE6FC21BA4A31200C7EBB8 /* PopoverGenericVC.swift */,
				0DCE6FCA1BA4BB5F00C7EBB8 /* DimensionConfigVC.swift */,
				0DCE6FCB1BA4BB5F00C7EBB8 /* DimensionConfigVC.xib */,
				0DCE6FC61BA4BB4100C7EBB8 /* MeasureConfigVC.swift */,
				0DCE6FC71BA4BB4100C7EBB8 /* MeasureConfigVC.xib */,
				0DA62D0A1B9B78A60043705A /* salesSampleData.json */,
				0D97F62D1B49CD9F002C6DF9 /* AppDelegate.swift */,
				0D97F62F1B49CD9F002C6DF9 /* TapChartVisualVC.swift */,
				0D97F6311B49CD9F002C6DF9 /* VisualViewVC.swift */,
				0D97F6331B49CD9F002C6DF9 /* Main.storyboard */,
				0D97F6361B49CD9F002C6DF9 /* Images.xcassets */,
				0D97F6381B49CD9F002C6DF9 /* LaunchScreen.xib */,
				0D97F62B1B49CD9F002C6DF9 /* Supporting Files */,
				0D97F6761B4AE24C002C6DF9 /* VisualizationModel.swift */,
				0D49B2431B5B299100947DF4 /* ChartModel.swift */,
				0D49B2491B5B3A2300947DF4 /* ChartField.swift */,
				0D49B24B1B5BED6200947DF4 /* AggregatedValue.swift */,
				0D49B24D1B5BF4E300947DF4 /* ChartValue.swift */,
				0DBC63F21B7FA46D00B20640 /* StaticDataSource.swift */,
				0D63478E1B9CB486003EA2AE /* RowChartView.swift */,
				0D5C01501B9E141200ECEFA2 /* TickTock.swift */,
				0D5C01581B9E644F00ECEFA2 /* DimensionValue.swift */,
				0D5C015C1B9EB27D00ECEFA2 /* DateDimension.swift */,
				0D5C01601B9EB33D00ECEFA2 /* DateDimensionValue.swift */,
				0D5C01621B9EB39D00ECEFA2 /* SingleDimensionValue.swift */,
				0DCE6FC01BA46BAC00C7EBB8 /* Filter.swift */,
				0DCE6FD21BA516DB00C7EBB8 /* DroppableView.swift */,
				0DCE6FD41BA7784F00C7EBB8 /* ColorContainerView.swift */,
			);
			path = SqlTapVisual;
			sourceTree = "<group>";
		};
		0D97F62B1B49CD9F002C6DF9 /* Supporting Files */ = {
			isa = PBXGroup;
			children = (
				0D97F62C1B49CD9F002C6DF9 /* Info.plist */,
			);
			name = "Supporting Files";
			sourceTree = "<group>";
		};
		0D97F6421B49CDA0002C6DF9 /* SqlTapVisualTests */ = {
			isa = PBXGroup;
			children = (
				0D97F6451B49CDA0002C6DF9 /* SqlTapVisualTests.swift */,
				0D97F6431B49CDA0002C6DF9 /* Supporting Files */,
			);
			path = SqlTapVisualTests;
			sourceTree = "<group>";
		};
		0D97F6431B49CDA0002C6DF9 /* Supporting Files */ = {
			isa = PBXGroup;
			children = (
				0D97F6441B49CDA0002C6DF9 /* Info.plist */,
			);
			name = "Supporting Files";
			sourceTree = "<group>";
		};
		0D97F6691B49CE66002C6DF9 /* DBVC */ = {
			isa = PBXGroup;
			children = (
				0D97F64F1B49CE28002C6DF9 /* CacheManager.swift */,
				0D97F6571B49CE28002C6DF9 /* RestulDataSource.swift */,
				0D97F6581B49CE28002C6DF9 /* RestfulDataVC.swift */,
				0D97F65B1B49CE28002C6DF9 /* ChartView.swift */,
				0D97F66E1B49DCFF002C6DF9 /* ChartMainVC.swift */,
				0D97F6721B49E745002C6DF9 /* ChartTableViewCell.swift */,
				0DD213F71B53758C005616B3 /* DragableCellModel.swift */,
				0D63478A1B9B9BF7003EA2AE /* DimensionalChart.swift */,
				0D5C01541B9E4EC300ECEFA2 /* Dimension.swift */,
				0D5C015A1B9EADD200ECEFA2 /* Measure.swift */,
				0DCE6FCE1BA4DBB800C7EBB8 /* DragableViewModel.swift */,
			);
			name = DBVC;
			sourceTree = "<group>";
		};
/* End PBXGroup section */

/* Begin PBXNativeTarget section */
		0D97F6271B49CD9F002C6DF9 /* SqlTapVisual */ = {
			isa = PBXNativeTarget;
			buildConfigurationList = 0D97F6491B49CDA0002C6DF9 /* Build configuration list for PBXNativeTarget "SqlTapVisual" */;
			buildPhases = (
				0D97F6241B49CD9F002C6DF9 /* Sources */,
				0D97F6251B49CD9F002C6DF9 /* Frameworks */,
				0D97F6261B49CD9F002C6DF9 /* Resources */,
			);
			buildRules = (
			);
			dependencies = (
			);
			name = SqlTapVisual;
			productName = SqlTapVisual;
			productReference = 0D97F6281B49CD9F002C6DF9 /* SqlTapVisual.app */;
			productType = "com.apple.product-type.application";
		};
		0D97F63E1B49CDA0002C6DF9 /* SqlTapVisualTests */ = {
			isa = PBXNativeTarget;
			buildConfigurationList = 0D97F64C1B49CDA0002C6DF9 /* Build configuration list for PBXNativeTarget "SqlTapVisualTests" */;
			buildPhases = (
				0D97F63B1B49CDA0002C6DF9 /* Sources */,
				0D97F63C1B49CDA0002C6DF9 /* Frameworks */,
				0D97F63D1B49CDA0002C6DF9 /* Resources */,
			);
			buildRules = (
			);
			dependencies = (
				0D97F6411B49CDA0002C6DF9 /* PBXTargetDependency */,
			);
			name = SqlTapVisualTests;
			productName = SqlTapVisualTests;
			productReference = 0D97F63F1B49CDA0002C6DF9 /* SqlTapVisualTests.xctest */;
			productType = "com.apple.product-type.bundle.unit-test";
		};
/* End PBXNativeTarget section */

/* Begin PBXProject section */
		0D97F6201B49CD9F002C6DF9 /* Project object */ = {
			isa = PBXProject;
			attributes = {
				LastUpgradeCheck = 0640;
				ORGANIZATIONNAME = cdss;
				TargetAttributes = {
					0D97F6271B49CD9F002C6DF9 = {
						CreatedOnToolsVersion = 6.4;
					};
					0D97F63E1B49CDA0002C6DF9 = {
						CreatedOnToolsVersion = 6.4;
						TestTargetID = 0D97F6271B49CD9F002C6DF9;
					};
				};
			};
			buildConfigurationList = 0D97F6231B49CD9F002C6DF9 /* Build configuration list for PBXProject "SqlTapVisual" */;
			compatibilityVersion = "Xcode 3.2";
			developmentRegion = English;
			hasScannedForEncodings = 0;
			knownRegions = (
				en,
				Base,
			);
			mainGroup = 0D97F61F1B49CD9F002C6DF9;
			productRefGroup = 0D97F6291B49CD9F002C6DF9 /* Products */;
			projectDirPath = "";
			projectRoot = "";
			targets = (
				0D97F6271B49CD9F002C6DF9 /* SqlTapVisual */,
				0D97F63E1B49CDA0002C6DF9 /* SqlTapVisualTests */,
			);
		};
/* End PBXProject section */

/* Begin PBXResourcesBuildPhase section */
		0D97F6261B49CD9F002C6DF9 /* Resources */ = {
			isa = PBXResourcesBuildPhase;
			buildActionMask = 2147483647;
			files = (
				0DA62D0B1B9B78A60043705A /* salesSampleData.json in Resources */,
				0DCE6FC91BA4BB4100C7EBB8 /* MeasureConfigVC.xib in Resources */,
				0D97F6351B49CD9F002C6DF9 /* Main.storyboard in Resources */,
				0DCE6FCD1BA4BB5F00C7EBB8 /* DimensionConfigVC.xib in Resources */,
				0D97F63A1B49CD9F002C6DF9 /* LaunchScreen.xib in Resources */,
				0DCE6FC51BA4A31200C7EBB8 /* PopoverGenericVC.xib in Resources */,
				0D97F6371B49CD9F002C6DF9 /* Images.xcassets in Resources */,
			);
			runOnlyForDeploymentPostprocessing = 0;
		};
		0D97F63D1B49CDA0002C6DF9 /* Resources */ = {
			isa = PBXResourcesBuildPhase;
			buildActionMask = 2147483647;
			files = (
			);
			runOnlyForDeploymentPostprocessing = 0;
		};
/* End PBXResourcesBuildPhase section */

/* Begin PBXSourcesBuildPhase section */
		0D97F6241B49CD9F002C6DF9 /* Sources */ = {
			isa = PBXSourcesBuildPhase;
			buildActionMask = 2147483647;
			files = (
				0D97F6731B49E745002C6DF9 /* ChartTableViewCell.swift in Sources */,
				0D5C01511B9E141200ECEFA2 /* TickTock.swift in Sources */,
				0D97F6321B49CD9F002C6DF9 /* VisualViewVC.swift in Sources */,
				0D97F6771B4AE24C002C6DF9 /* VisualizationModel.swift in Sources */,
				0DCE6FC41BA4A31200C7EBB8 /* PopoverGenericVC.swift in Sources */,
				0DCE6FC81BA4BB4100C7EBB8 /* MeasureConfigVC.swift in Sources */,
				0D5C015B1B9EADD200ECEFA2 /* Measure.swift in Sources */,
				0D5C01551B9E4EC300ECEFA2 /* Dimension.swift in Sources */,
				0D97F6301B49CD9F002C6DF9 /* TapChartVisualVC.swift in Sources */,
				0D63478B1B9B9BF7003EA2AE /* DimensionalChart.swift in Sources */,
				0D49B24E1B5BF4E300947DF4 /* ChartValue.swift in Sources */,
				0D97F62E1B49CD9F002C6DF9 /* AppDelegate.swift in Sources */,
				0D5C01591B9E644F00ECEFA2 /* DimensionValue.swift in Sources */,
				0DCE6FCF1BA4DBB800C7EBB8 /* DragableViewModel.swift in Sources */,
				0D49B24A1B5B3A2300947DF4 /* ChartField.swift in Sources */,
				0D97F65C1B49CE28002C6DF9 /* CacheManager.swift in Sources */,
				0DCE6FD51BA7784F00C7EBB8 /* ColorContainerView.swift in Sources */,
				0DBC63F31B7FA46D00B20640 /* StaticDataSource.swift in Sources */,
				0DCE6FD31BA516DB00C7EBB8 /* DroppableView.swift in Sources */,
				0D49B24C1B5BED6200947DF4 /* AggregatedValue.swift in Sources */,
				0D5C01631B9EB39D00ECEFA2 /* SingleDimensionValue.swift in Sources */,
				0D63478F1B9CB486003EA2AE /* RowChartView.swift in Sources */,
				0D97F6681B49CE28002C6DF9 /* ChartView.swift in Sources */,
				0D97F6701B49DCFF002C6DF9 /* ChartMainVC.swift in Sources */,
				0DCE6FCC1BA4BB5F00C7EBB8 /* DimensionConfigVC.swift in Sources */,
				0D5C015D1B9EB27D00ECEFA2 /* DateDimension.swift in Sources */,
				0D49B2441B5B299100947DF4 /* ChartModel.swift in Sources */,
				0D5C01611B9EB33D00ECEFA2 /* DateDimensionValue.swift in Sources */,
				0DD213F81B53758C005616B3 /* DragableCellModel.swift in Sources */,
				0DCE6FC11BA46BAC00C7EBB8 /* Filter.swift in Sources */,
				0D97F6641B49CE28002C6DF9 /* RestulDataSource.swift in Sources */,
				0D97F6651B49CE28002C6DF9 /* RestfulDataVC.swift in Sources */,
			);
			runOnlyForDeploymentPostprocessing = 0;
		};
		0D97F63B1B49CDA0002C6DF9 /* Sources */ = {
			isa = PBXSourcesBuildPhase;
			buildActionMask = 2147483647;
			files = (
				0D97F6461B49CDA0002C6DF9 /* SqlTapVisualTests.swift in Sources */,
			);
			runOnlyForDeploymentPostprocessing = 0;
		};
/* End PBXSourcesBuildPhase section */

/* Begin PBXTargetDependency section */
		0D97F6411B49CDA0002C6DF9 /* PBXTargetDependency */ = {
			isa = PBXTargetDependency;
			target = 0D97F6271B49CD9F002C6DF9 /* SqlTapVisual */;
			targetProxy = 0D97F6401B49CDA0002C6DF9 /* PBXContainerItemProxy */;
		};
/* End PBXTargetDependency section */

/* Begin PBXVariantGroup section */
		0D97F6331B49CD9F002C6DF9 /* Main.storyboard */ = {
			isa = PBXVariantGroup;
			children = (
				0D97F6341B49CD9F002C6DF9 /* Base */,
			);
			name = Main.storyboard;
			sourceTree = "<group>";
		};
		0D97F6381B49CD9F002C6DF9 /* LaunchScreen.xib */ = {
			isa = PBXVariantGroup;
			children = (
				0D97F6391B49CD9F002C6DF9 /* Base */,
			);
			name = LaunchScreen.xib;
			sourceTree = "<group>";
		};
/* End PBXVariantGroup section */

/* Begin XCBuildConfiguration section */
		0D97F6471B49CDA0002C6DF9 /* Debug */ = {
			isa = XCBuildConfiguration;
			buildSettings = {
				ALWAYS_SEARCH_USER_PATHS = NO;
				CLANG_CXX_LANGUAGE_STANDARD = "gnu++0x";
				CLANG_CXX_LIBRARY = "libc++";
				CLANG_ENABLE_MODULES = YES;
				CLANG_ENABLE_OBJC_ARC = YES;
				CLANG_WARN_BOOL_CONVERSION = YES;
				CLANG_WARN_CONSTANT_CONVERSION = YES;
				CLANG_WARN_DIRECT_OBJC_ISA_USAGE = YES_ERROR;
				CLANG_WARN_EMPTY_BODY = YES;
				CLANG_WARN_ENUM_CONVERSION = YES;
				CLANG_WARN_INT_CONVERSION = YES;
				CLANG_WARN_OBJC_ROOT_CLASS = YES_ERROR;
				CLANG_WARN_UNREACHABLE_CODE = YES;
				CLANG_WARN__DUPLICATE_METHOD_MATCH = YES;
				"CODE_SIGN_IDENTITY[sdk=iphoneos*]" = "iPhone Developer";
				COPY_PHASE_STRIP = NO;
				DEBUG_INFORMATION_FORMAT = "dwarf-with-dsym";
				ENABLE_STRICT_OBJC_MSGSEND = YES;
				GCC_C_LANGUAGE_STANDARD = gnu99;
				GCC_DYNAMIC_NO_PIC = NO;
				GCC_NO_COMMON_BLOCKS = YES;
				GCC_OPTIMIZATION_LEVEL = 0;
				GCC_PREPROCESSOR_DEFINITIONS = (
					"DEBUG=1",
					"$(inherited)",
				);
				GCC_SYMBOLS_PRIVATE_EXTERN = NO;
				GCC_WARN_64_TO_32_BIT_CONVERSION = YES;
				GCC_WARN_ABOUT_RETURN_TYPE = YES_ERROR;
				GCC_WARN_UNDECLARED_SELECTOR = YES;
				GCC_WARN_UNINITIALIZED_AUTOS = YES_AGGRESSIVE;
				GCC_WARN_UNUSED_FUNCTION = YES;
				GCC_WARN_UNUSED_VARIABLE = YES;
				IPHONEOS_DEPLOYMENT_TARGET = 8.3;
				MTL_ENABLE_DEBUG_INFO = YES;
				ONLY_ACTIVE_ARCH = YES;
				SDKROOT = iphoneos;
				SWIFT_OPTIMIZATION_LEVEL = "-Onone";
				TARGETED_DEVICE_FAMILY = "1,2";
			};
			name = Debug;
		};
		0D97F6481B49CDA0002C6DF9 /* Release */ = {
			isa = XCBuildConfiguration;
			buildSettings = {
				ALWAYS_SEARCH_USER_PATHS = NO;
				CLANG_CXX_LANGUAGE_STANDARD = "gnu++0x";
				CLANG_CXX_LIBRARY = "libc++";
				CLANG_ENABLE_MODULES = YES;
				CLANG_ENABLE_OBJC_ARC = YES;
				CLANG_WARN_BOOL_CONVERSION = YES;
				CLANG_WARN_CONSTANT_CONVERSION = YES;
				CLANG_WARN_DIRECT_OBJC_ISA_USAGE = YES_ERROR;
				CLANG_WARN_EMPTY_BODY = YES;
				CLANG_WARN_ENUM_CONVERSION = YES;
				CLANG_WARN_INT_CONVERSION = YES;
				CLANG_WARN_OBJC_ROOT_CLASS = YES_ERROR;
				CLANG_WARN_UNREACHABLE_CODE = YES;
				CLANG_WARN__DUPLICATE_METHOD_MATCH = YES;
				"CODE_SIGN_IDENTITY[sdk=iphoneos*]" = "iPhone Developer";
				COPY_PHASE_STRIP = NO;
				DEBUG_INFORMATION_FORMAT = "dwarf-with-dsym";
				ENABLE_NS_ASSERTIONS = NO;
				ENABLE_STRICT_OBJC_MSGSEND = YES;
				GCC_C_LANGUAGE_STANDARD = gnu99;
				GCC_NO_COMMON_BLOCKS = YES;
				GCC_WARN_64_TO_32_BIT_CONVERSION = YES;
				GCC_WARN_ABOUT_RETURN_TYPE = YES_ERROR;
				GCC_WARN_UNDECLARED_SELECTOR = YES;
				GCC_WARN_UNINITIALIZED_AUTOS = YES_AGGRESSIVE;
				GCC_WARN_UNUSED_FUNCTION = YES;
				GCC_WARN_UNUSED_VARIABLE = YES;
				IPHONEOS_DEPLOYMENT_TARGET = 8.3;
				MTL_ENABLE_DEBUG_INFO = NO;
				SDKROOT = iphoneos;
				TARGETED_DEVICE_FAMILY = "1,2";
				VALIDATE_PRODUCT = YES;
			};
			name = Release;
		};
		0D97F64A1B49CDA0002C6DF9 /* Debug */ = {
			isa = XCBuildConfiguration;
			buildSettings = {
				ASSETCATALOG_COMPILER_APPICON_NAME = AppIcon;
				FRAMEWORK_SEARCH_PATHS = (
					"$(inherited)",
					/Users/anpwang/Documents/github/sixstreams/dependency,
					/Users/anpwang/Documents/github/dependency,
				);
				INFOPLIST_FILE = SqlTapVisual/Info.plist;
				LD_RUNPATH_SEARCH_PATHS = "$(inherited) @executable_path/Frameworks";
				PRODUCT_NAME = "$(TARGET_NAME)";
				TARGETED_DEVICE_FAMILY = 2;
			};
			name = Debug;
		};
		0D97F64B1B49CDA0002C6DF9 /* Release */ = {
			isa = XCBuildConfiguration;
			buildSettings = {
				ASSETCATALOG_COMPILER_APPICON_NAME = AppIcon;
				FRAMEWORK_SEARCH_PATHS = (
					"$(inherited)",
					/Users/anpwang/Documents/github/sixstreams/dependency,
					/Users/anpwang/Documents/github/dependency,
				);
				INFOPLIST_FILE = SqlTapVisual/Info.plist;
				LD_RUNPATH_SEARCH_PATHS = "$(inherited) @executable_path/Frameworks";
				PRODUCT_NAME = "$(TARGET_NAME)";
				TARGETED_DEVICE_FAMILY = 2;
			};
			name = Release;
		};
		0D97F64D1B49CDA0002C6DF9 /* Debug */ = {
			isa = XCBuildConfiguration;
			buildSettings = {
				BUNDLE_LOADER = "$(TEST_HOST)";
				FRAMEWORK_SEARCH_PATHS = (
					"$(SDKROOT)/Developer/Library/Frameworks",
					"$(inherited)",
				);
				GCC_PREPROCESSOR_DEFINITIONS = (
					"DEBUG=1",
					"$(inherited)",
				);
				INFOPLIST_FILE = SqlTapVisualTests/Info.plist;
				LD_RUNPATH_SEARCH_PATHS = "$(inherited) @executable_path/Frameworks @loader_path/Frameworks";
				PRODUCT_NAME = "$(TARGET_NAME)";
				TEST_HOST = "$(BUILT_PRODUCTS_DIR)/SqlTapVisual.app/SqlTapVisual";
			};
			name = Debug;
		};
		0D97F64E1B49CDA0002C6DF9 /* Release */ = {
			isa = XCBuildConfiguration;
			buildSettings = {
				BUNDLE_LOADER = "$(TEST_HOST)";
				FRAMEWORK_SEARCH_PATHS = (
					"$(SDKROOT)/Developer/Library/Frameworks",
					"$(inherited)",
				);
				INFOPLIST_FILE = SqlTapVisualTests/Info.plist;
				LD_RUNPATH_SEARCH_PATHS = "$(inherited) @executable_path/Frameworks @loader_path/Frameworks";
				PRODUCT_NAME = "$(TARGET_NAME)";
				TEST_HOST = "$(BUILT_PRODUCTS_DIR)/SqlTapVisual.app/SqlTapVisual";
			};
			name = Release;
		};
/* End XCBuildConfiguration section */

/* Begin XCConfigurationList section */
		0D97F6231B49CD9F002C6DF9 /* Build configuration list for PBXProject "SqlTapVisual" */ = {
			isa = XCConfigurationList;
			buildConfigurations = (
				0D97F6471B49CDA0002C6DF9 /* Debug */,
				0D97F6481B49CDA0002C6DF9 /* Release */,
			);
			defaultConfigurationIsVisible = 0;
			defaultConfigurationName = Release;
		};
		0D97F6491B49CDA0002C6DF9 /* Build configuration list for PBXNativeTarget "SqlTapVisual" */ = {
			isa = XCConfigurationList;
			buildConfigurations = (
				0D97F64A1B49CDA0002C6DF9 /* Debug */,
				0D97F64B1B49CDA0002C6DF9 /* Release */,
			);
			defaultConfigurationIsVisible = 0;
			defaultConfigurationName = Release;
		};
		0D97F64C1B49CDA0002C6DF9 /* Build configuration list for PBXNativeTarget "SqlTapVisualTests" */ = {
			isa = XCConfigurationList;
			buildConfigurations = (
				0D97F64D1B49CDA0002C6DF9 /* Debug */,
				0D97F64E1B49CDA0002C6DF9 /* Release */,
			);
			defaultConfigurationIsVisible = 0;
			defaultConfigurationName = Release;
		};
/* End XCConfigurationList section */
	};
	rootObject = 0D97F6201B49CD9F002C6DF9 /* Project object */;
}
